<?xml version="1.0" encoding="UTF-8" standalone="yes" ?>
<CodeBlocks_project_file>
	<FileVersion major="1" minor="6" />
	<Project>
		<Option title="YSTest_ARM9" />
		<Option makefile_is_custom="1" />
		<Option pch_mode="2" />
		<Option compiler="gnu_armeabi_gcc_compiler" />
		<MakeCommands>
			<Build command="$make -f $makefile -r BUILD=$target 2&gt;&amp;1 | sed -e %27s/\(.[a-zA-Z]\+\):\([0-9]\+\):/\1(\2):/%27" />
			<CompileFile command="$make -f $makefile $file" />
			<Clean command="$make -f $makefile -r BUILD=$target clean" />
			<DistClean command="$make -f $makefile distclean$target" />
			<AskRebuildNeeded command="$make -q -f $makefile -r BUILD=$target rebuild" />
			<SilentBuild command="$make -s -f $makefile -r BUILD=$target 2&gt;&amp;1 | sed -e %27s/\(.[a-zA-Z]\+\):\([0-9]\+\):/\1(\2):/%27" />
		</MakeCommands>
		<Build>
			<Target title="debug">
				<Option type="4" />
				<Option compiler="gnu_armeabi_gcc_compiler" />
				<Compiler>
					<Add option="-g" />
				</Compiler>
				<MakeCommands>
					<Build command="$make -r BUILD=$target" />
					<CompileFile command="$make -f $makefile $file" />
					<Clean command="$make -f $makefile -r BUILD=$target clean" />
					<DistClean command="$make -f $makefile distclean$target" />
					<AskRebuildNeeded command="$make -q -f $makefile -r BUILD=$target rebuild" />
					<SilentBuild command="$make -s -f $makefile -r BUILD=$target" />
				</MakeCommands>
			</Target>
			<Target title="release">
				<Option output="release\YSTest_ARM9" prefix_auto="1" extension_auto="1" />
				<Option object_output="release\" />
				<Option type="1" />
				<Option compiler="gnu_armeabi_gcc_compiler" />
				<Compiler>
					<Add option="-O2" />
				</Compiler>
				<Linker>
					<Add option="-s" />
				</Linker>
				<MakeCommands>
					<Build command="$make -f $makefile -r BUILD=$target" />
					<CompileFile command="$make -f $makefile $file" />
					<Clean command="$make -f $makefile -r BUILD=$target clean" />
					<DistClean command="$make -f $makefile distclean$target" />
					<AskRebuildNeeded command="$make -q -f $makefile -r BUILD=$target rebuild" />
					<SilentBuild command="$make -s -f $makefile -r BUILD=$target" />
				</MakeCommands>
			</Target>
		</Build>
		<Compiler>
			<Add option="-Wall" />
		</Compiler>
		<Unit filename="Makefile" />
		<Unit filename="include\DSReader.h" />
		<Unit filename="include\HexBrowser.h" />
		<Unit filename="include\Shells.h" />
		<Unit filename="source\DSReader.cpp" />
		<Unit filename="source\GBKEX.cpp" />
		<Unit filename="source\HexBrowser.cpp" />
		<Unit filename="source\Shells.cpp" />
		<Unit filename="source\main.cpp" />
		<Extensions>
			<DoxyBlocks>
				<comment_style block="1" line="1" />
				<doxyfile_project />
				<doxyfile_build />
				<doxyfile_warnings />
				<doxyfile_output />
				<doxyfile_dot />
				<general />
			</DoxyBlocks>
			<code_completion />
			<envvars set="default" />
			<debugger />
			<lib_finder disable_auto="1" />
		</Extensions>
	</Project>
</CodeBlocks_project_file>
