
Microsoft Visual Studio Solution File, Format Version 11.00
# Visual Studio 2010
Project("{8BC9CEB8-8B4A-11D0-8D11-00A0C91BC942}") = "YSTest_DS", "YSTest_DS\YSTest_DS.vcxproj", "{2843D63B-952F-4EB3-9620-D1B97301898F}"
	ProjectSection(ProjectDependencies) = postProject
		{42310096-8CB9-462A-B097-CF4A682E2536} = {42310096-8CB9-462A-B097-CF4A682E2536}
		{501944E8-ADCC-40E6-87F0-08816CFAA343} = {501944E8-ADCC-40E6-87F0-08816CFAA343}
	EndProjectSection
EndProject
Project("{8BC9CEB8-8B4A-11D0-8D11-00A0C91BC942}") = "YBase", "YBase\YBase.vcxproj", "{0D1961C7-0E8F-47CD-A2FB-D7920A469E51}"
EndProject
Project("{8BC9CEB8-8B4A-11D0-8D11-00A0C91BC942}") = "YFramework", "YFramework\YFramework.vcxproj", "{305D480F-C3DC-4A3D-915A-88E9D2224742}"
	ProjectSection(ProjectDependencies) = postProject
		{0D1961C7-0E8F-47CD-A2FB-D7920A469E51} = {0D1961C7-0E8F-47CD-A2FB-D7920A469E51}
	EndProjectSection
EndProject
Project("{8BC9CEB8-8B4A-11D0-8D11-00A0C91BC942}") = "YSTest_ARM9", "YSTest_ARM9\YSTest_ARM9.vcxproj", "{501944E8-ADCC-40E6-87F0-08816CFAA343}"
	ProjectSection(ProjectDependencies) = postProject
		{CDF038BE-EAE7-43A3-AF79-9B0DD85714FB} = {CDF038BE-EAE7-43A3-AF79-9B0DD85714FB}
	EndProjectSection
EndProject
Project("{8BC9CEB8-8B4A-11D0-8D11-00A0C91BC942}") = "YSTest_ARM7", "YSTest_ARM7\YSTest_ARM7.vcxproj", "{42310096-8CB9-462A-B097-CF4A682E2536}"
EndProject
Project("{2150E333-8FDC-42A3-9474-1A3956D46DE8}") = "Libraries", "Libraries", "{4EF5EB49-24AE-44CC-B0CF-647687E97D1F}"
EndProject
Project("{2150E333-8FDC-42A3-9474-1A3956D46DE8}") = "DS", "DS", "{9818D088-FB7A-4DF0-9746-410D391F5A77}"
EndProject
Project("{2150E333-8FDC-42A3-9474-1A3956D46DE8}") = "YReader", "YReader", "{B83F2946-591A-42AC-B01B-DEA8B1ECD5B4}"
EndProject
Project("{2150E333-8FDC-42A3-9474-1A3956D46DE8}") = "Libraries", "Libraries", "{EEA6F31C-BD64-46EC-B042-1B9D3E6C1135}"
EndProject
Project("{8BC9CEB8-8B4A-11D0-8D11-00A0C91BC942}") = "YBase_DS", "YBase_DS\YBase_DS.vcxproj", "{C713494C-E435-4D29-B3B6-DFECD22DDCEC}"
EndProject
Project("{8BC9CEB8-8B4A-11D0-8D11-00A0C91BC942}") = "YFramework_DS", "YFramework_DS\YFramework_DS.vcxproj", "{CDF038BE-EAE7-43A3-AF79-9B0DD85714FB}"
	ProjectSection(ProjectDependencies) = postProject
		{C713494C-E435-4D29-B3B6-DFECD22DDCEC} = {C713494C-E435-4D29-B3B6-DFECD22DDCEC}
	EndProjectSection
EndProject
Global
	GlobalSection(SolutionConfigurationPlatforms) = preSolution
		debug|Any CPU = debug|Any CPU
		debug|DS = debug|DS
		debug|Mixed Platforms = debug|Mixed Platforms
		debug|Win32 = debug|Win32
		release|Any CPU = release|Any CPU
		release|DS = release|DS
		release|Mixed Platforms = release|Mixed Platforms
		release|Win32 = release|Win32
		Description = YFramework Test
	EndGlobalSection
	GlobalSection(ProjectConfigurationPlatforms) = postSolution
		{2843D63B-952F-4EB3-9620-D1B97301898F}.debug|Any CPU.ActiveCfg = debug|Win32
		{2843D63B-952F-4EB3-9620-D1B97301898F}.debug|DS.ActiveCfg = debug|Win32
		{2843D63B-952F-4EB3-9620-D1B97301898F}.debug|DS.Build.0 = debug|Win32
		{2843D63B-952F-4EB3-9620-D1B97301898F}.debug|Mixed Platforms.ActiveCfg = debug|Win32
		{2843D63B-952F-4EB3-9620-D1B97301898F}.debug|Win32.ActiveCfg = debug|Win32
		{2843D63B-952F-4EB3-9620-D1B97301898F}.release|Any CPU.ActiveCfg = release|Win32
		{2843D63B-952F-4EB3-9620-D1B97301898F}.release|DS.ActiveCfg = release|Win32
		{2843D63B-952F-4EB3-9620-D1B97301898F}.release|DS.Build.0 = release|Win32
		{2843D63B-952F-4EB3-9620-D1B97301898F}.release|Mixed Platforms.ActiveCfg = release|Win32
		{2843D63B-952F-4EB3-9620-D1B97301898F}.release|Win32.ActiveCfg = release|Win32
		{0D1961C7-0E8F-47CD-A2FB-D7920A469E51}.debug|Any CPU.ActiveCfg = debug|Win32
		{0D1961C7-0E8F-47CD-A2FB-D7920A469E51}.debug|DS.ActiveCfg = debug|Win32
		{0D1961C7-0E8F-47CD-A2FB-D7920A469E51}.debug|Mixed Platforms.ActiveCfg = debug|Win32
		{0D1961C7-0E8F-47CD-A2FB-D7920A469E51}.debug|Win32.ActiveCfg = debug|Win32
		{0D1961C7-0E8F-47CD-A2FB-D7920A469E51}.release|Any CPU.ActiveCfg = release|Win32
		{0D1961C7-0E8F-47CD-A2FB-D7920A469E51}.release|DS.ActiveCfg = release|Win32
		{0D1961C7-0E8F-47CD-A2FB-D7920A469E51}.release|Mixed Platforms.ActiveCfg = release|Win32
		{0D1961C7-0E8F-47CD-A2FB-D7920A469E51}.release|Win32.ActiveCfg = release|Win32
		{305D480F-C3DC-4A3D-915A-88E9D2224742}.debug|Any CPU.ActiveCfg = debug|Win32
		{305D480F-C3DC-4A3D-915A-88E9D2224742}.debug|DS.ActiveCfg = debug|Win32
		{305D480F-C3DC-4A3D-915A-88E9D2224742}.debug|Mixed Platforms.ActiveCfg = debug|Win32
		{305D480F-C3DC-4A3D-915A-88E9D2224742}.debug|Win32.ActiveCfg = debug|Win32
		{305D480F-C3DC-4A3D-915A-88E9D2224742}.release|Any CPU.ActiveCfg = release|Win32
		{305D480F-C3DC-4A3D-915A-88E9D2224742}.release|DS.ActiveCfg = release|Win32
		{305D480F-C3DC-4A3D-915A-88E9D2224742}.release|Mixed Platforms.ActiveCfg = release|Win32
		{305D480F-C3DC-4A3D-915A-88E9D2224742}.release|Win32.ActiveCfg = release|Win32
		{501944E8-ADCC-40E6-87F0-08816CFAA343}.debug|Any CPU.ActiveCfg = debug|Win32
		{501944E8-ADCC-40E6-87F0-08816CFAA343}.debug|DS.ActiveCfg = debug|Win32
		{501944E8-ADCC-40E6-87F0-08816CFAA343}.debug|DS.Build.0 = debug|Win32
		{501944E8-ADCC-40E6-87F0-08816CFAA343}.debug|Mixed Platforms.ActiveCfg = debug|Win32
		{501944E8-ADCC-40E6-87F0-08816CFAA343}.debug|Win32.ActiveCfg = debug|Win32
		{501944E8-ADCC-40E6-87F0-08816CFAA343}.release|Any CPU.ActiveCfg = release|Win32
		{501944E8-ADCC-40E6-87F0-08816CFAA343}.release|DS.ActiveCfg = release|Win32
		{501944E8-ADCC-40E6-87F0-08816CFAA343}.release|DS.Build.0 = release|Win32
		{501944E8-ADCC-40E6-87F0-08816CFAA343}.release|Mixed Platforms.ActiveCfg = release|Win32
		{501944E8-ADCC-40E6-87F0-08816CFAA343}.release|Win32.ActiveCfg = release|Win32
		{42310096-8CB9-462A-B097-CF4A682E2536}.debug|Any CPU.ActiveCfg = debug|Win32
		{42310096-8CB9-462A-B097-CF4A682E2536}.debug|DS.ActiveCfg = debug|Win32
		{42310096-8CB9-462A-B097-CF4A682E2536}.debug|DS.Build.0 = debug|Win32
		{42310096-8CB9-462A-B097-CF4A682E2536}.debug|Mixed Platforms.ActiveCfg = debug|Win32
		{42310096-8CB9-462A-B097-CF4A682E2536}.debug|Win32.ActiveCfg = debug|Win32
		{42310096-8CB9-462A-B097-CF4A682E2536}.release|Any CPU.ActiveCfg = release|Win32
		{42310096-8CB9-462A-B097-CF4A682E2536}.release|DS.ActiveCfg = release|Win32
		{42310096-8CB9-462A-B097-CF4A682E2536}.release|DS.Build.0 = release|Win32
		{42310096-8CB9-462A-B097-CF4A682E2536}.release|Mixed Platforms.ActiveCfg = release|Win32
		{42310096-8CB9-462A-B097-CF4A682E2536}.release|Win32.ActiveCfg = release|Win32
		{C713494C-E435-4D29-B3B6-DFECD22DDCEC}.debug|Any CPU.ActiveCfg = debug|Win32
		{C713494C-E435-4D29-B3B6-DFECD22DDCEC}.debug|DS.ActiveCfg = debug|Win32
		{C713494C-E435-4D29-B3B6-DFECD22DDCEC}.debug|DS.Build.0 = debug|Win32
		{C713494C-E435-4D29-B3B6-DFECD22DDCEC}.debug|Mixed Platforms.ActiveCfg = debug|Win32
		{C713494C-E435-4D29-B3B6-DFECD22DDCEC}.debug|Win32.ActiveCfg = debug|Win32
		{C713494C-E435-4D29-B3B6-DFECD22DDCEC}.release|Any CPU.ActiveCfg = release|Win32
		{C713494C-E435-4D29-B3B6-DFECD22DDCEC}.release|DS.ActiveCfg = release|Win32
		{C713494C-E435-4D29-B3B6-DFECD22DDCEC}.release|DS.Build.0 = release|Win32
		{C713494C-E435-4D29-B3B6-DFECD22DDCEC}.release|Mixed Platforms.ActiveCfg = release|Win32
		{C713494C-E435-4D29-B3B6-DFECD22DDCEC}.release|Win32.ActiveCfg = release|Win32
		{CDF038BE-EAE7-43A3-AF79-9B0DD85714FB}.debug|Any CPU.ActiveCfg = debug|Win32
		{CDF038BE-EAE7-43A3-AF79-9B0DD85714FB}.debug|DS.ActiveCfg = debug|Win32
		{CDF038BE-EAE7-43A3-AF79-9B0DD85714FB}.debug|DS.Build.0 = debug|Win32
		{CDF038BE-EAE7-43A3-AF79-9B0DD85714FB}.debug|Mixed Platforms.ActiveCfg = debug|Win32
		{CDF038BE-EAE7-43A3-AF79-9B0DD85714FB}.debug|Win32.ActiveCfg = debug|Win32
		{CDF038BE-EAE7-43A3-AF79-9B0DD85714FB}.release|Any CPU.ActiveCfg = release|Win32
		{CDF038BE-EAE7-43A3-AF79-9B0DD85714FB}.release|DS.ActiveCfg = release|Win32
		{CDF038BE-EAE7-43A3-AF79-9B0DD85714FB}.release|DS.Build.0 = release|Win32
		{CDF038BE-EAE7-43A3-AF79-9B0DD85714FB}.release|Mixed Platforms.ActiveCfg = release|Win32
		{CDF038BE-EAE7-43A3-AF79-9B0DD85714FB}.release|Win32.ActiveCfg = release|Win32
	EndGlobalSection
	GlobalSection(SolutionProperties) = preSolution
		HideSolutionNode = FALSE
	EndGlobalSection
	GlobalSection(NestedProjects) = preSolution
		{B83F2946-591A-42AC-B01B-DEA8B1ECD5B4} = {9818D088-FB7A-4DF0-9746-410D391F5A77}
		{EEA6F31C-BD64-46EC-B042-1B9D3E6C1135} = {9818D088-FB7A-4DF0-9746-410D391F5A77}
		{305D480F-C3DC-4A3D-915A-88E9D2224742} = {4EF5EB49-24AE-44CC-B0CF-647687E97D1F}
		{0D1961C7-0E8F-47CD-A2FB-D7920A469E51} = {4EF5EB49-24AE-44CC-B0CF-647687E97D1F}
		{42310096-8CB9-462A-B097-CF4A682E2536} = {B83F2946-591A-42AC-B01B-DEA8B1ECD5B4}
		{2843D63B-952F-4EB3-9620-D1B97301898F} = {B83F2946-591A-42AC-B01B-DEA8B1ECD5B4}
		{501944E8-ADCC-40E6-87F0-08816CFAA343} = {B83F2946-591A-42AC-B01B-DEA8B1ECD5B4}
		{C713494C-E435-4D29-B3B6-DFECD22DDCEC} = {EEA6F31C-BD64-46EC-B042-1B9D3E6C1135}
		{CDF038BE-EAE7-43A3-AF79-9B0DD85714FB} = {EEA6F31C-BD64-46EC-B042-1B9D3E6C1135}
	EndGlobalSection
EndGlobal
