<?xml version="1.0" encoding="utf-8"?>
<Project ToolsVersion="4.0" xmlns="http://schemas.microsoft.com/developer/msbuild/2003">
  <ItemGroup>
    <Filter Include="data">
      <UniqueIdentifier>{67DA6AB6-F800-4c08-8B7A-83BB121AAD01}</UniqueIdentifier>
      <Extensions>
      </Extensions>
    </Filter>
    <Filter Include="include">
      <UniqueIdentifier>{93995380-89BD-4b04-88EB-625FBE52EBFB}</UniqueIdentifier>
      <Extensions>
      </Extensions>
    </Filter>
    <Filter Include="include\ystdex">
      <UniqueIdentifier>{cbbbb3e5-cc2e-4e3c-a4ae-fbe2fac7370a}</UniqueIdentifier>
      <Extensions>
      </Extensions>
    </Filter>
    <Filter Include="include\libdefect">
      <UniqueIdentifier>{929b4b30-f9e4-4c8f-9200-d0f7eaf535e6}</UniqueIdentifier>
      <Extensions>
      </Extensions>
    </Filter>
    <Filter Include="include\ytest">
      <UniqueIdentifier>{cef80dcb-4b35-4ab2-a25c-f2f9dcb4e121}</UniqueIdentifier>
    </Filter>
    <Filter Include="source">
      <UniqueIdentifier>{4FC737F1-C7A5-4376-A066-2A32D752A2FF}</UniqueIdentifier>
      <Extensions>
      </Extensions>
    </Filter>
    <Filter Include="source\ystdex">
      <UniqueIdentifier>{3eefbce0-b4c1-411d-9af0-b0d663b526db}</UniqueIdentifier>
      <Extensions>cpp;c;cc;cxx;def;odl;idl;hpj;bat;asm;asmx</Extensions>
    </Filter>
    <Filter Include="source\libdefect">
      <UniqueIdentifier>{dded3b0e-a760-4308-bd6f-48b949ff41de}</UniqueIdentifier>
    </Filter>
    <Filter Include="source\test">
      <UniqueIdentifier>{c2683d61-157b-40ec-ae3a-736e1583896a}</UniqueIdentifier>
    </Filter>
  </ItemGroup>
  <ItemGroup>
    <ClInclude Include="include\ydef.h">
      <Filter>include</Filter>
    </ClInclude>
    <ClInclude Include="include\ystdex\cast.hpp">
      <Filter>include\ystdex</Filter>
    </ClInclude>
    <ClInclude Include="include\ystdex\iterator.hpp">
      <Filter>include\ystdex</Filter>
    </ClInclude>
    <ClInclude Include="include\ystdex\type_op.hpp">
      <Filter>include\ystdex</Filter>
    </ClInclude>
    <ClInclude Include="include\ystdex\memory.hpp">
      <Filter>include\ystdex</Filter>
    </ClInclude>
    <ClInclude Include="include\ystdex\utility.hpp">
      <Filter>include\ystdex</Filter>
    </ClInclude>
    <ClInclude Include="include\ystdex\cstdint.hpp">
      <Filter>include\ystdex</Filter>
    </ClInclude>
    <ClInclude Include="include\ystdex\cstdio.h">
      <Filter>include\ystdex</Filter>
    </ClInclude>
    <ClInclude Include="include\ystdex\cstring.h">
      <Filter>include\ystdex</Filter>
    </ClInclude>
    <ClInclude Include="include\ystdex\any.h">
      <Filter>include\ystdex</Filter>
    </ClInclude>
    <ClInclude Include="include\ystdex\algorithm.hpp">
      <Filter>include\ystdex</Filter>
    </ClInclude>
    <ClInclude Include="include\ystdex\rational.hpp">
      <Filter>include\ystdex</Filter>
    </ClInclude>
    <ClInclude Include="include\ystdex\operators.hpp">
      <Filter>include\ystdex</Filter>
    </ClInclude>
    <ClInclude Include="include\ystdex\string.hpp">
      <Filter>include\ystdex</Filter>
    </ClInclude>
    <ClInclude Include="include\libdefect\string.h">
      <Filter>include\libdefect</Filter>
    </ClInclude>
    <ClInclude Include="include\ytest\timing.hpp">
      <Filter>include\ytest</Filter>
    </ClInclude>
    <ClInclude Include="include\ystdex\functional.hpp">
      <Filter>include\ystdex</Filter>
    </ClInclude>
    <ClInclude Include="include\ystdex\container.hpp">
      <Filter>include\ystdex</Filter>
    </ClInclude>
    <ClInclude Include="include\ystdex\examiner.hpp">
      <Filter>include\ystdex</Filter>
    </ClInclude>
    <ClInclude Include="include\ystdex\any_iterator.hpp">
      <Filter>include\ystdex</Filter>
    </ClInclude>
    <ClInclude Include="include\ystdex\path.hpp">
      <Filter>include\ystdex</Filter>
    </ClInclude>
    <ClInclude Include="include\ystdex\variadic.hpp">
      <Filter>include\ystdex</Filter>
    </ClInclude>
    <ClInclude Include="include\ystdex\cassert.h">
      <Filter>include\ystdex</Filter>
    </ClInclude>
    <ClInclude Include="include\ystdex\tuple.hpp">
      <Filter>include\ystdex</Filter>
    </ClInclude>
    <ClInclude Include="include\ystdex\mixin.hpp">
      <Filter>include\ystdex</Filter>
    </ClInclude>
    <ClInclude Include="include\ystdex\bitseg.hpp">
      <Filter>include\ystdex</Filter>
    </ClInclude>
    <ClInclude Include="include\ystdex\cctype.h">
      <Filter>include\ystdex</Filter>
    </ClInclude>
    <ClInclude Include="include\ystdex\cwctype.h">
      <Filter>include\ystdex</Filter>
    </ClInclude>
    <ClInclude Include="include\ytest\test.h">
      <Filter>include\ytest</Filter>
    </ClInclude>
    <ClInclude Include="include\ystdex\concurrency.h">
      <Filter>include\ystdex</Filter>
    </ClInclude>
    <ClInclude Include="include\ystdex\cache.hpp">
      <Filter>include\ystdex</Filter>
    </ClInclude>
    <ClInclude Include="include\ystdex\array.hpp">
      <Filter>include\ystdex</Filter>
    </ClInclude>
    <ClInclude Include="include\libdefect\exception.h">
      <Filter>include\libdefect</Filter>
    </ClInclude>
    <ClInclude Include="include\ystdex\pseudo_mutex.h">
      <Filter>include\ystdex</Filter>
    </ClInclude>
    <ClInclude Include="include\libdefect\cmath.h">
      <Filter>include\libdefect</Filter>
    </ClInclude>
    <ClInclude Include="include\ystdex\exception.h">
      <Filter>include\ystdex</Filter>
    </ClInclude>
    <ClInclude Include="include\ystdex\base.h">
      <Filter>include\ystdex</Filter>
    </ClInclude>
    <ClInclude Include="include\stdinc.h">
      <Filter>include</Filter>
    </ClInclude>
    <ClInclude Include="include\ystdex\iterator_op.hpp">
      <Filter>include\ystdex</Filter>
    </ClInclude>
    <ClInclude Include="include\ystdex\deref_op.hpp">
      <Filter>include\ystdex</Filter>
    </ClInclude>
    <ClInclude Include="include\libdefect\cstdio.h">
      <Filter>include\libdefect</Filter>
    </ClInclude>
    <ClInclude Include="include\ystdex\hash.hpp">
      <Filter>include\ystdex</Filter>
    </ClInclude>
    <ClInclude Include="include\ystdex\ref.hpp">
      <Filter>include\ystdex</Filter>
    </ClInclude>
    <ClInclude Include="include\ystdex\thunk.hpp">
      <Filter>include\ystdex</Filter>
    </ClInclude>
    <ClInclude Include="include\ystdex\functor.hpp">
      <Filter>include\ystdex</Filter>
    </ClInclude>
    <ClInclude Include="include\ystdex\scope_guard.hpp">
      <Filter>include\ystdex</Filter>
    </ClInclude>
    <ClInclude Include="include\ystdex\integer_sequence.hpp">
      <Filter>include\ystdex</Filter>
    </ClInclude>
    <ClInclude Include="include\ystdex\optional.h">
      <Filter>include\ystdex</Filter>
    </ClInclude>
    <ClInclude Include="include\ystdex\pointer.hpp">
      <Filter>include\ystdex</Filter>
    </ClInclude>
    <ClInclude Include="include\ystdex\csignal.h">
      <Filter>include\ystdex</Filter>
    </ClInclude>
    <ClInclude Include="include\ystdex\future.hpp">
      <Filter>include\ystdex</Filter>
    </ClInclude>
    <ClInclude Include="include\ystdex\range.hpp">
      <Filter>include\ystdex</Filter>
    </ClInclude>
    <ClInclude Include="include\ystdex\iterator_trait.hpp">
      <Filter>include\ystdex</Filter>
    </ClInclude>
    <ClInclude Include="include\ystdex\enum.hpp">
      <Filter>include\ystdex</Filter>
    </ClInclude>
    <ClInclude Include="include\ystdex\type_pun.hpp">
      <Filter>include\ystdex</Filter>
    </ClInclude>
    <ClInclude Include="include\ystdex\istream.hpp">
      <Filter>include\ystdex</Filter>
    </ClInclude>
    <ClInclude Include="include\ystdex\streambuf.hpp">
      <Filter>include\ystdex</Filter>
    </ClInclude>
    <ClInclude Include="include\ystdex\string_view.hpp">
      <Filter>include\ystdex</Filter>
    </ClInclude>
    <ClInclude Include="include\ystdex\tstring_view.hpp">
      <Filter>include\ystdex</Filter>
    </ClInclude>
    <ClInclude Include="include\ystdex\type_traits.hpp">
      <Filter>include\ystdex</Filter>
    </ClInclude>
    <ClInclude Include="include\ystdex\addressof.hpp">
      <Filter>include\ystdex</Filter>
    </ClInclude>
    <ClInclude Include="include\ystdex\ios.hpp">
      <Filter>include\ystdex</Filter>
    </ClInclude>
    <ClInclude Include="include\ystdex\set.hpp">
      <Filter>include\ystdex</Filter>
    </ClInclude>
    <ClInclude Include="include\ystdex\typeinfo.h">
      <Filter>include\ystdex</Filter>
    </ClInclude>
    <ClInclude Include="include\ystdex\ctime.h">
      <Filter>include\ystdex</Filter>
    </ClInclude>
    <ClInclude Include="include\ystdex\placement.hpp">
      <Filter>include\ystdex</Filter>
    </ClInclude>
    <ClInclude Include="include\ystdex\map.hpp">
      <Filter>include\ystdex</Filter>
    </ClInclude>
    <ClInclude Include="include\ystdex\tree.h">
      <Filter>include\ystdex</Filter>
    </ClInclude>
    <ClInclude Include="include\ystdex\swap.hpp">
      <Filter>include\ystdex</Filter>
    </ClInclude>
    <ClInclude Include="include\ystdex\integral_constant.hpp">
      <Filter>include\ystdex</Filter>
    </ClInclude>
    <ClInclude Include="include\ystdex\type_inspection.hpp">
      <Filter>include\ystdex</Filter>
    </ClInclude>
    <ClInclude Include="include\ystdex\meta.hpp">
      <Filter>include\ystdex</Filter>
    </ClInclude>
    <ClInclude Include="include\ystdex\invoke.hpp">
      <Filter>include\ystdex</Filter>
    </ClInclude>
    <ClInclude Include="include\ystdex\memory_resource.h">
      <Filter>include\ystdex</Filter>
    </ClInclude>
    <ClInclude Include="include\ystdex\function.hpp">
      <Filter>include\ystdex</Filter>
    </ClInclude>
    <ClInclude Include="include\ystdex\apply.hpp">
      <Filter>include\ystdex</Filter>
    </ClInclude>
    <ClInclude Include="include\ystdex\list.hpp">
      <Filter>include\ystdex</Filter>
    </ClInclude>
    <ClInclude Include="include\ystdex\node_base.h">
      <Filter>include\ystdex</Filter>
    </ClInclude>
    <ClInclude Include="include\ystdex\allocator.hpp">
      <Filter>include\ystdex</Filter>
    </ClInclude>
    <ClInclude Include="include\ystdex\typeindex.h">
      <Filter>include\ystdex</Filter>
    </ClInclude>
  </ItemGroup>
  <ItemGroup>
    <ClCompile Include="source\ystdex\cstdio.cpp">
      <Filter>source\ystdex</Filter>
    </ClCompile>
    <ClCompile Include="source\ystdex\cstring.cpp">
      <Filter>source\ystdex</Filter>
    </ClCompile>
    <ClCompile Include="source\ystdex\any.cpp">
      <Filter>source\ystdex</Filter>
    </ClCompile>
    <ClCompile Include="source\ystdex\cassert.cpp">
      <Filter>source\ystdex</Filter>
    </ClCompile>
    <ClCompile Include="source\ystdex\cwctype.cpp">
      <Filter>source\ystdex</Filter>
    </ClCompile>
    <ClCompile Include="source\ystdex\concurrency.cpp">
      <Filter>source\ystdex</Filter>
    </ClCompile>
    <ClCompile Include="source\libdefect\exception.cpp">
      <Filter>source\libdefect</Filter>
    </ClCompile>
    <ClCompile Include="source\ystdex\base.cpp">
      <Filter>source\ystdex</Filter>
    </ClCompile>
    <ClCompile Include="source\ystdex\exception.cpp">
      <Filter>source\ystdex</Filter>
    </ClCompile>
    <ClCompile Include="source\ystdex\optional.cpp">
      <Filter>source\ystdex</Filter>
    </ClCompile>
    <ClCompile Include="source\ytest\test.cpp">
      <Filter>source\test</Filter>
    </ClCompile>
    <ClCompile Include="source\ystdex\csignal.cpp">
      <Filter>source\ystdex</Filter>
    </ClCompile>
    <ClCompile Include="source\ystdex\tree.cpp">
      <Filter>source\ystdex</Filter>
    </ClCompile>
    <ClCompile Include="source\ystdex\memory_resource.cpp">
      <Filter>source\ystdex</Filter>
    </ClCompile>
    <ClCompile Include="source\ystdex\node_base.cpp">
      <Filter>source\ystdex</Filter>
    </ClCompile>
  </ItemGroup>
</Project>