<?xml version="1.0" encoding="UTF-8" standalone="yes" ?>
<CodeBlocks_project_file>
	<FileVersion major="1" minor="6" />
	<Project>
		<Option title="YSTest_ARM7" />
		<Option makefile_is_custom="1" />
		<Option compiler="gnu_armeabi_gcc_compiler" />
		<Build>
			<Target title="debug">
				<Option type="4" />
				<Option compiler="gnu_armeabi_gcc_compiler" />
				<MakeCommands>
					<Build command="$make -j8 -f $makefile -r CONF=$target" />
					<CompileFile command="$make -f $makefile -r CONF=$target $file" />
					<Clean command="$make -f $makefile -r CONF=$target clean" />
					<DistClean command="$make -f $makefile -r CONF=$target clean" />
					<AskRebuildNeeded command="$make -q -f $makefile -r CONF=$target rebuild" />
					<SilentBuild command="$make -j8 -f $makefile -r CONF=$target &gt; $(CMD_NULL)" />
				</MakeCommands>
			</Target>
			<Target title="release">
				<Option type="4" />
				<Option compiler="gnu_armeabi_gcc_compiler" />
				<MakeCommands>
					<Build command="$make -j8 -f $makefile -r CONF=$target" />
					<CompileFile command="$make -f $makefile -r CONF=$target $file" />
					<Clean command="$make -f $makefile -r CONF=$target clean" />
					<DistClean command="$make -f $makefile -r CONF=$target clean" />
					<AskRebuildNeeded command="$make -q -f $makefile -r CONF=$target rebuild" />
					<SilentBuild command="$make -j8 -f $makefile -r CONF=$target &gt; $(CMD_NULL)" />
				</MakeCommands>
			</Target>
		</Build>
		<Unit filename="Makefile" />
		<Unit filename="source/main.cpp" />
	</Project>
</CodeBlocks_project_file>
