<?xml version="1.0" encoding="utf-8"?>
<Project ToolsVersion="4.0" xmlns="http://schemas.microsoft.com/developer/msbuild/2003">
  <ItemGroup>
    <Filter Include="文档">
      <UniqueIdentifier>{6ac5d7c6-b453-47ba-a130-e23acade5f8a}</UniqueIdentifier>
      <Extensions>txt;doc</Extensions>
    </Filter>
    <Filter Include="头文件">
      <UniqueIdentifier>{1b2f7d79-86f5-478d-8178-e4c26e30abaf}</UniqueIdentifier>
      <Extensions>h;hpp;hxx;hm;inl;inc;xsd</Extensions>
    </Filter>
    <Filter Include="资源文件">
      <UniqueIdentifier>{67DA6AB6-F800-4c08-8B7A-83BB121AAD01}</UniqueIdentifier>
      <Extensions>rc;ico;cur;bmp;dlg;rc2;rct;bin;rgs;gif;jpg;jpeg;jpe;resx;tiff;tif;png;wav</Extensions>
    </Filter>
    <Filter Include="头文件\FreeType2">
      <UniqueIdentifier>{fa7bb748-406b-4302-ad94-470fb74619fa}</UniqueIdentifier>
    </Filter>
    <Filter Include="头文件\FreeType2\config">
      <UniqueIdentifier>{1f4ea3f2-b82c-467c-986a-fc35108d6802}</UniqueIdentifier>
    </Filter>
    <Filter Include="头文件\FreeType2\internal">
      <UniqueIdentifier>{c57a11fc-ca68-4435-9566-782713aca5cd}</UniqueIdentifier>
    </Filter>
    <Filter Include="头文件\FreeType2\internal\services">
      <UniqueIdentifier>{736518b5-4f79-4a1e-a0d5-8a41a44eaca8}</UniqueIdentifier>
    </Filter>
    <Filter Include="源文件">
      <UniqueIdentifier>{22ce99d7-1d4a-4424-a50e-bd6206ff516d}</UniqueIdentifier>
      <Extensions>cpp;c;cc;cxx;def;odl;idl;hpj;bat;asm;asmx</Extensions>
    </Filter>
  </ItemGroup>
  <ItemGroup>
    <None Include="doc\Definitions.txt">
      <Filter>文档</Filter>
    </None>
    <None Include="doc\Designation.txt">
      <Filter>文档</Filter>
    </None>
    <None Include="doc\YSLib.txt">
      <Filter>文档</Filter>
    </None>
    <None Include="data\logo.bmp">
      <Filter>资源文件</Filter>
    </None>
    <None Include="data\logo_wifi.bmp">
      <Filter>资源文件</Filter>
    </None>
    <None Include="Makefile" />
  </ItemGroup>
  <ItemGroup>
    <ClCompile Include="doc\ex.cpp">
      <Filter>文档</Filter>
    </ClCompile>
  </ItemGroup>
  <ItemGroup>
    <ClInclude Include="include\ft2build.h">
      <Filter>头文件</Filter>
    </ClInclude>
    <ClInclude Include="include\platform.h">
      <Filter>头文件</Filter>
    </ClInclude>
    <ClInclude Include="include\freetype\freetype.h">
      <Filter>头文件\FreeType2</Filter>
    </ClInclude>
    <ClInclude Include="include\freetype\ftadvanc.h">
      <Filter>头文件\FreeType2</Filter>
    </ClInclude>
    <ClInclude Include="include\freetype\ftbbox.h">
      <Filter>头文件\FreeType2</Filter>
    </ClInclude>
    <ClInclude Include="include\freetype\ftbdf.h">
      <Filter>头文件\FreeType2</Filter>
    </ClInclude>
    <ClInclude Include="include\freetype\ftbitmap.h">
      <Filter>头文件\FreeType2</Filter>
    </ClInclude>
    <ClInclude Include="include\freetype\ftcache.h">
      <Filter>头文件\FreeType2</Filter>
    </ClInclude>
    <ClInclude Include="include\freetype\ftchapters.h">
      <Filter>头文件\FreeType2</Filter>
    </ClInclude>
    <ClInclude Include="include\freetype\ftcid.h">
      <Filter>头文件\FreeType2</Filter>
    </ClInclude>
    <ClInclude Include="include\freetype\fterrdef.h">
      <Filter>头文件\FreeType2</Filter>
    </ClInclude>
    <ClInclude Include="include\freetype\fterrors.h">
      <Filter>头文件\FreeType2</Filter>
    </ClInclude>
    <ClInclude Include="include\freetype\ftgasp.h">
      <Filter>头文件\FreeType2</Filter>
    </ClInclude>
    <ClInclude Include="include\freetype\ftglyph.h">
      <Filter>头文件\FreeType2</Filter>
    </ClInclude>
    <ClInclude Include="include\freetype\ftgxval.h">
      <Filter>头文件\FreeType2</Filter>
    </ClInclude>
    <ClInclude Include="include\freetype\ftgzip.h">
      <Filter>头文件\FreeType2</Filter>
    </ClInclude>
    <ClInclude Include="include\freetype\ftimage.h">
      <Filter>头文件\FreeType2</Filter>
    </ClInclude>
    <ClInclude Include="include\freetype\ftincrem.h">
      <Filter>头文件\FreeType2</Filter>
    </ClInclude>
    <ClInclude Include="include\freetype\ftlcdfil.h">
      <Filter>头文件\FreeType2</Filter>
    </ClInclude>
    <ClInclude Include="include\freetype\ftlist.h">
      <Filter>头文件\FreeType2</Filter>
    </ClInclude>
    <ClInclude Include="include\freetype\ftlzw.h">
      <Filter>头文件\FreeType2</Filter>
    </ClInclude>
    <ClInclude Include="include\freetype\ftmac.h">
      <Filter>头文件\FreeType2</Filter>
    </ClInclude>
    <ClInclude Include="include\freetype\ftmm.h">
      <Filter>头文件\FreeType2</Filter>
    </ClInclude>
    <ClInclude Include="include\freetype\ftmodapi.h">
      <Filter>头文件\FreeType2</Filter>
    </ClInclude>
    <ClInclude Include="include\freetype\ftmoderr.h">
      <Filter>头文件\FreeType2</Filter>
    </ClInclude>
    <ClInclude Include="include\freetype\ftotval.h">
      <Filter>头文件\FreeType2</Filter>
    </ClInclude>
    <ClInclude Include="include\freetype\ftoutln.h">
      <Filter>头文件\FreeType2</Filter>
    </ClInclude>
    <ClInclude Include="include\freetype\ftpfr.h">
      <Filter>头文件\FreeType2</Filter>
    </ClInclude>
    <ClInclude Include="include\freetype\ftrender.h">
      <Filter>头文件\FreeType2</Filter>
    </ClInclude>
    <ClInclude Include="include\freetype\ftsizes.h">
      <Filter>头文件\FreeType2</Filter>
    </ClInclude>
    <ClInclude Include="include\freetype\ftsnames.h">
      <Filter>头文件\FreeType2</Filter>
    </ClInclude>
    <ClInclude Include="include\freetype\ftstroke.h">
      <Filter>头文件\FreeType2</Filter>
    </ClInclude>
    <ClInclude Include="include\freetype\ftsynth.h">
      <Filter>头文件\FreeType2</Filter>
    </ClInclude>
    <ClInclude Include="include\freetype\ftsystem.h">
      <Filter>头文件\FreeType2</Filter>
    </ClInclude>
    <ClInclude Include="include\freetype\fttrigon.h">
      <Filter>头文件\FreeType2</Filter>
    </ClInclude>
    <ClInclude Include="include\freetype\fttypes.h">
      <Filter>头文件\FreeType2</Filter>
    </ClInclude>
    <ClInclude Include="include\freetype\ftwinfnt.h">
      <Filter>头文件\FreeType2</Filter>
    </ClInclude>
    <ClInclude Include="include\freetype\ftxf86.h">
      <Filter>头文件\FreeType2</Filter>
    </ClInclude>
    <ClInclude Include="include\freetype\t1tables.h">
      <Filter>头文件\FreeType2</Filter>
    </ClInclude>
    <ClInclude Include="include\freetype\ttnameid.h">
      <Filter>头文件\FreeType2</Filter>
    </ClInclude>
    <ClInclude Include="include\freetype\tttables.h">
      <Filter>头文件\FreeType2</Filter>
    </ClInclude>
    <ClInclude Include="include\freetype\tttags.h">
      <Filter>头文件\FreeType2</Filter>
    </ClInclude>
    <ClInclude Include="include\freetype\ttunpat.h">
      <Filter>头文件\FreeType2</Filter>
    </ClInclude>
    <ClInclude Include="include\freetype\config\ftconfig.h">
      <Filter>头文件\FreeType2\config</Filter>
    </ClInclude>
    <ClInclude Include="include\freetype\config\ftheader.h">
      <Filter>头文件\FreeType2\config</Filter>
    </ClInclude>
    <ClInclude Include="include\freetype\config\ftmodule.h">
      <Filter>头文件\FreeType2\config</Filter>
    </ClInclude>
    <ClInclude Include="include\freetype\config\ftoption.h">
      <Filter>头文件\FreeType2\config</Filter>
    </ClInclude>
    <ClInclude Include="include\freetype\config\ftstdlib.h">
      <Filter>头文件\FreeType2\config</Filter>
    </ClInclude>
    <ClInclude Include="include\freetype\internal\autohint.h">
      <Filter>头文件\FreeType2\internal</Filter>
    </ClInclude>
    <ClInclude Include="include\freetype\internal\ftcalc.h">
      <Filter>头文件\FreeType2\internal</Filter>
    </ClInclude>
    <ClInclude Include="include\freetype\internal\ftdebug.h">
      <Filter>头文件\FreeType2\internal</Filter>
    </ClInclude>
    <ClInclude Include="include\freetype\internal\ftdriver.h">
      <Filter>头文件\FreeType2\internal</Filter>
    </ClInclude>
    <ClInclude Include="include\freetype\internal\ftgloadr.h">
      <Filter>头文件\FreeType2\internal</Filter>
    </ClInclude>
    <ClInclude Include="include\freetype\internal\ftmemory.h">
      <Filter>头文件\FreeType2\internal</Filter>
    </ClInclude>
    <ClInclude Include="include\freetype\internal\ftobjs.h">
      <Filter>头文件\FreeType2\internal</Filter>
    </ClInclude>
    <ClInclude Include="include\freetype\internal\ftpic.h">
      <Filter>头文件\FreeType2\internal</Filter>
    </ClInclude>
    <ClInclude Include="include\freetype\internal\ftrfork.h">
      <Filter>头文件\FreeType2\internal</Filter>
    </ClInclude>
    <ClInclude Include="include\freetype\internal\ftserv.h">
      <Filter>头文件\FreeType2\internal</Filter>
    </ClInclude>
    <ClInclude Include="include\freetype\internal\ftstream.h">
      <Filter>头文件\FreeType2\internal</Filter>
    </ClInclude>
    <ClInclude Include="include\freetype\internal\fttrace.h">
      <Filter>头文件\FreeType2\internal</Filter>
    </ClInclude>
    <ClInclude Include="include\freetype\internal\ftvalid.h">
      <Filter>头文件\FreeType2\internal</Filter>
    </ClInclude>
    <ClInclude Include="include\freetype\internal\internal.h">
      <Filter>头文件\FreeType2\internal</Filter>
    </ClInclude>
    <ClInclude Include="include\freetype\internal\pcftypes.h">
      <Filter>头文件\FreeType2\internal</Filter>
    </ClInclude>
    <ClInclude Include="include\freetype\internal\psaux.h">
      <Filter>头文件\FreeType2\internal</Filter>
    </ClInclude>
    <ClInclude Include="include\freetype\internal\pshints.h">
      <Filter>头文件\FreeType2\internal</Filter>
    </ClInclude>
    <ClInclude Include="include\freetype\internal\sfnt.h">
      <Filter>头文件\FreeType2\internal</Filter>
    </ClInclude>
    <ClInclude Include="include\freetype\internal\t1types.h">
      <Filter>头文件\FreeType2\internal</Filter>
    </ClInclude>
    <ClInclude Include="include\freetype\internal\tttypes.h">
      <Filter>头文件\FreeType2\internal</Filter>
    </ClInclude>
    <ClInclude Include="include\freetype\internal\services\svbdf.h">
      <Filter>头文件\FreeType2\internal\services</Filter>
    </ClInclude>
    <ClInclude Include="include\freetype\internal\services\svcid.h">
      <Filter>头文件\FreeType2\internal\services</Filter>
    </ClInclude>
    <ClInclude Include="include\freetype\internal\services\svgldict.h">
      <Filter>头文件\FreeType2\internal\services</Filter>
    </ClInclude>
    <ClInclude Include="include\freetype\internal\services\svgxval.h">
      <Filter>头文件\FreeType2\internal\services</Filter>
    </ClInclude>
    <ClInclude Include="include\freetype\internal\services\svkern.h">
      <Filter>头文件\FreeType2\internal\services</Filter>
    </ClInclude>
    <ClInclude Include="include\freetype\internal\services\svmm.h">
      <Filter>头文件\FreeType2\internal\services</Filter>
    </ClInclude>
    <ClInclude Include="include\freetype\internal\services\svotval.h">
      <Filter>头文件\FreeType2\internal\services</Filter>
    </ClInclude>
    <ClInclude Include="include\freetype\internal\services\svpfr.h">
      <Filter>头文件\FreeType2\internal\services</Filter>
    </ClInclude>
    <ClInclude Include="include\freetype\internal\services\svpostnm.h">
      <Filter>头文件\FreeType2\internal\services</Filter>
    </ClInclude>
    <ClInclude Include="include\freetype\internal\services\svpscmap.h">
      <Filter>头文件\FreeType2\internal\services</Filter>
    </ClInclude>
    <ClInclude Include="include\freetype\internal\services\svpsinfo.h">
      <Filter>头文件\FreeType2\internal\services</Filter>
    </ClInclude>
    <ClInclude Include="include\freetype\internal\services\svsfnt.h">
      <Filter>头文件\FreeType2\internal\services</Filter>
    </ClInclude>
    <ClInclude Include="include\freetype\internal\services\svttcmap.h">
      <Filter>头文件\FreeType2\internal\services</Filter>
    </ClInclude>
    <ClInclude Include="include\freetype\internal\services\svtteng.h">
      <Filter>头文件\FreeType2\internal\services</Filter>
    </ClInclude>
    <ClInclude Include="include\freetype\internal\services\svttglyf.h">
      <Filter>头文件\FreeType2\internal\services</Filter>
    </ClInclude>
    <ClInclude Include="include\freetype\internal\services\svwinfnt.h">
      <Filter>头文件\FreeType2\internal\services</Filter>
    </ClInclude>
    <ClInclude Include="include\freetype\internal\services\svxf86nm.h">
      <Filter>头文件\FreeType2\internal\services</Filter>
    </ClInclude>
    <ClInclude Include="include\api.h">
      <Filter>头文件</Filter>
    </ClInclude>
  </ItemGroup>
</Project>