<?xml version="1.0" encoding="utf-8"?>
<Project ToolsVersion="4.0" xmlns="http://schemas.microsoft.com/developer/msbuild/2003">
  <ItemGroup>
    <None Include="Makefile" />
    <None Include="..\YFramework\data\default_font.bin">
      <Filter>data</Filter>
    </None>
  </ItemGroup>
  <ItemGroup>
    <Filter Include="data">
      <UniqueIdentifier>{1cb47ae8-72cc-4f9e-82ec-46f636fa4dd7}</UniqueIdentifier>
    </Filter>
  </ItemGroup>
</Project>