<?xml version="1.0" encoding="utf-8"?>
<Project ToolsVersion="4.0" xmlns="http://schemas.microsoft.com/developer/msbuild/2003">
  <ItemGroup>
    <Filter Include="源文件">
      <UniqueIdentifier>{4FC737F1-C7A5-4376-A066-2A32D752A2FF}</UniqueIdentifier>
      <Extensions>cpp;c;cc;cxx;def;odl;idl;hpj;bat;asm;asmx</Extensions>
    </Filter>
    <Filter Include="头文件">
      <UniqueIdentifier>{93995380-89BD-4b04-88EB-625FBE52EBFB}</UniqueIdentifier>
      <Extensions>h;hpp;hxx;hm;inl;inc;xsd</Extensions>
    </Filter>
    <Filter Include="资源文件">
      <UniqueIdentifier>{67DA6AB6-F800-4c08-8B7A-83BB121AAD01}</UniqueIdentifier>
      <Extensions>
      </Extensions>
    </Filter>
    <Filter Include="头文件\ystdex">
      <UniqueIdentifier>{fc99d73f-e7a7-4a76-b291-ce69e46c7fae}</UniqueIdentifier>
    </Filter>
    <Filter Include="源文件\ystdex">
      <UniqueIdentifier>{9ff3ddee-c333-4ca6-8a81-4b8b6bfa5b89}</UniqueIdentifier>
    </Filter>
  </ItemGroup>
  <ItemGroup>
    <None Include="Makefile" />
  </ItemGroup>
  <ItemGroup>
    <ClInclude Include="..\YBase\include\ystdex\algorithm.hpp">
      <Filter>头文件\ystdex</Filter>
    </ClInclude>
    <ClInclude Include="..\YBase\include\ystdex\any.h">
      <Filter>头文件\ystdex</Filter>
    </ClInclude>
    <ClInclude Include="..\YBase\include\ystdex\cast.hpp">
      <Filter>头文件\ystdex</Filter>
    </ClInclude>
    <ClInclude Include="..\YBase\include\ystdex\cstdio.h">
      <Filter>头文件\ystdex</Filter>
    </ClInclude>
    <ClInclude Include="..\YBase\include\ystdex\cstring.h">
      <Filter>头文件\ystdex</Filter>
    </ClInclude>
    <ClInclude Include="..\YBase\include\ystdex\iterator.hpp">
      <Filter>头文件\ystdex</Filter>
    </ClInclude>
    <ClInclude Include="..\YBase\include\ystdex\memory.hpp">
      <Filter>头文件\ystdex</Filter>
    </ClInclude>
    <ClInclude Include="..\YBase\include\ystdex\operators.hpp">
      <Filter>头文件\ystdex</Filter>
    </ClInclude>
    <ClInclude Include="..\YBase\include\ystdex\rational.hpp">
      <Filter>头文件\ystdex</Filter>
    </ClInclude>
    <ClInclude Include="..\YBase\include\ystdex\type_op.hpp">
      <Filter>头文件\ystdex</Filter>
    </ClInclude>
    <ClInclude Include="..\YBase\include\ystdex\utility.hpp">
      <Filter>头文件\ystdex</Filter>
    </ClInclude>
    <ClInclude Include="..\YBase\include\ydef.h">
      <Filter>头文件</Filter>
    </ClInclude>
  </ItemGroup>
  <ItemGroup>
    <ClCompile Include="..\YBase\source\ystdex\cstdio.cpp">
      <Filter>源文件\ystdex</Filter>
    </ClCompile>
    <ClCompile Include="..\YBase\source\ystdex\cstring.cpp">
      <Filter>源文件\ystdex</Filter>
    </ClCompile>
  </ItemGroup>
</Project>