<?xml version="1.0" encoding="utf-8"?>
<Project ToolsVersion="4.0" xmlns="http://schemas.microsoft.com/developer/msbuild/2003">
  <ItemGroup>
    <None Include="Makefile" />
    <None Include="..\YFramework\data\default_font.bin">
      <Filter>data</Filter>
    </None>
  </ItemGroup>
  <ItemGroup>
    <Filter Include="data">
      <UniqueIdentifier>{1cb47ae8-72cc-4f9e-82ec-46f636fa4dd7}</UniqueIdentifier>
    </Filter>
    <Filter Include="source">
      <UniqueIdentifier>{542e0282-06b8-4f89-86cb-3292dd30bc64}</UniqueIdentifier>
    </Filter>
    <Filter Include="include">
      <UniqueIdentifier>{cb7b7fb9-05f8-46a2-b5eb-9fe29ec7aac7}</UniqueIdentifier>
    </Filter>
    <Filter Include="include\YCLib">
      <UniqueIdentifier>{94b6776d-0f10-4f0d-b081-c5f266da8381}</UniqueIdentifier>
    </Filter>
    <Filter Include="source\YCLib">
      <UniqueIdentifier>{815a3db4-9952-4878-bde7-99f986a438fd}</UniqueIdentifier>
    </Filter>
    <Filter Include="include\Helper">
      <UniqueIdentifier>{5690b1c3-b91e-436c-9677-eb861b1587ff}</UniqueIdentifier>
    </Filter>
    <Filter Include="source\Helper">
      <UniqueIdentifier>{4a6d25c3-0fdf-4ced-80b2-14476cbb8b8f}</UniqueIdentifier>
    </Filter>
  </ItemGroup>
  <ItemGroup>
    <ClInclude Include="include\YCLib\Android.h">
      <Filter>include\YCLib</Filter>
    </ClInclude>
    <ClInclude Include="include\Helper\AndroidHost.h">
      <Filter>include\Helper</Filter>
    </ClInclude>
    <ClInclude Include="source\Helper\AndroidScreen.h">
      <Filter>source\Helper</Filter>
    </ClInclude>
  </ItemGroup>
  <ItemGroup>
    <ClCompile Include="source\YCLib\Android.cpp">
      <Filter>source\YCLib</Filter>
    </ClCompile>
    <ClCompile Include="source\Helper\AndroidHost.cpp">
      <Filter>source\Helper</Filter>
    </ClCompile>
    <ClCompile Include="source\Helper\AndroidScreen.cpp">
      <Filter>source\Helper</Filter>
    </ClCompile>
  </ItemGroup>
</Project>