<?xml version="1.0" encoding="utf-8"?>
<Project ToolsVersion="4.0" xmlns="http://schemas.microsoft.com/developer/msbuild/2003">
  <ItemGroup>
    <None Include="Makefile" />
  </ItemGroup>
  <ItemGroup>
    <ClCompile Include="source\Helper\AndroidHost.cpp" />
    <ClCompile Include="source\Helper\AndroidScreen.cpp" />
    <ClCompile Include="source\YCLib\Android.cpp" />
  </ItemGroup>
  <ItemGroup>
    <ClInclude Include="include\Helper\AndroidHost.h" />
    <ClInclude Include="include\YCLib\Android.h" />
    <ClInclude Include="source\Helper\AndroidScreen.h" />
  </ItemGroup>
</Project>