<?xml version="1.0" encoding="utf-8"?>
<Project ToolsVersion="4.0" xmlns="http://schemas.microsoft.com/developer/msbuild/2003">
  <ItemGroup>
    <Filter Include="源文件">
      <UniqueIdentifier>{4FC737F1-C7A5-4376-A066-2A32D752A2FF}</UniqueIdentifier>
      <Extensions>cpp;c;cc;cxx;def;odl;idl;hpj;bat;asm;asmx</Extensions>
    </Filter>
    <Filter Include="头文件">
      <UniqueIdentifier>{93995380-89BD-4b04-88EB-625FBE52EBFB}</UniqueIdentifier>
      <Extensions>h;hpp;hxx;hm;inl;inc;xsd</Extensions>
    </Filter>
    <Filter Include="资源文件">
      <UniqueIdentifier>{67DA6AB6-F800-4c08-8B7A-83BB121AAD01}</UniqueIdentifier>
      <Extensions>
      </Extensions>
    </Filter>
    <Filter Include="头文件\YSLib">
      <UniqueIdentifier>{fbb995fa-dfe1-4f20-99ac-8f01e13a54ba}</UniqueIdentifier>
      <Extensions>h;hpp;hxx;hm;inl;inc;xsd</Extensions>
    </Filter>
    <Filter Include="头文件\YSLib\Adaptor">
      <UniqueIdentifier>{88a70fc5-239e-4e2b-802c-dad41bd268c6}</UniqueIdentifier>
      <Extensions>h;hpp;hxx;hm;inl;inc;xsd</Extensions>
    </Filter>
    <Filter Include="头文件\YSLib\Shell">
      <UniqueIdentifier>{3f3c55e4-eda4-4ba3-ab26-6be64fb4989a}</UniqueIdentifier>
      <Extensions>h;hpp;hxx;hm;inl;inc;xsd</Extensions>
    </Filter>
    <Filter Include="头文件\YSLib\Core">
      <UniqueIdentifier>{bd4a3a95-5fe7-4471-9093-a76228bc5a0c}</UniqueIdentifier>
      <Extensions>h;hpp;hxx;hm;inl;inc;xsd</Extensions>
    </Filter>
    <Filter Include="头文件\YSLib\Helper">
      <UniqueIdentifier>{23faab97-d24f-4e94-9fbb-b17430d9d973}</UniqueIdentifier>
      <Extensions>h;hpp;hxx;hm;inl;inc;xsd</Extensions>
    </Filter>
    <Filter Include="头文件\YSLib\Service">
      <UniqueIdentifier>{d887d565-3b62-45a1-8ea5-d5ef0a4ce41d}</UniqueIdentifier>
      <Extensions>h;hpp;hxx;hm;inl;inc;xsd</Extensions>
    </Filter>
    <Filter Include="源文件\YSLib">
      <UniqueIdentifier>{f3275f4a-7c35-4f37-9e01-2a72fdf5a481}</UniqueIdentifier>
      <Extensions>cpp;c;cc;cxx;def;odl;idl;hpj;bat;asm;asmx</Extensions>
    </Filter>
    <Filter Include="源文件\YSLib\Core">
      <UniqueIdentifier>{ff96e32d-5490-430c-8ca1-170ec27e1627}</UniqueIdentifier>
      <Extensions>cpp;c;cc;cxx;def;odl;idl;hpj;bat;asm;asmx</Extensions>
    </Filter>
    <Filter Include="源文件\YSLib\Adaptor">
      <UniqueIdentifier>{601e8484-d8c2-4306-bc57-a8d4bd31d7d4}</UniqueIdentifier>
      <Extensions>cpp;c;cc;cxx;def;odl;idl;hpj;bat;asm;asmx</Extensions>
    </Filter>
    <Filter Include="源文件\YSLib\Helper">
      <UniqueIdentifier>{77af520d-12d5-4756-aa39-7e64082a89f2}</UniqueIdentifier>
      <Extensions>cpp;c;cc;cxx;def;odl;idl;hpj;bat;asm;asmx</Extensions>
    </Filter>
    <Filter Include="源文件\YSLib\Shell">
      <UniqueIdentifier>{054afee5-882b-444f-96b3-d5b5af8708a9}</UniqueIdentifier>
      <Extensions>cpp;c;cc;cxx;def;odl;idl;hpj;bat;asm;asmx</Extensions>
    </Filter>
    <Filter Include="源文件\YSLib\Service">
      <UniqueIdentifier>{b96801fe-820c-41af-aace-65b79a972730}</UniqueIdentifier>
      <Extensions>cpp;c;cc;cxx;def;odl;idl;hpj;bat;asm;asmx</Extensions>
    </Filter>
  </ItemGroup>
  <ItemGroup>
    <None Include="Makefile" />
  </ItemGroup>
  <ItemGroup>
    <ClInclude Include="include\YSLib\Adaptor\agg.h">
      <Filter>头文件\YSLib\Adaptor</Filter>
    </ClInclude>
    <ClInclude Include="include\YSLib\Adaptor\base.h">
      <Filter>头文件\YSLib\Adaptor</Filter>
    </ClInclude>
    <ClInclude Include="include\YSLib\Adaptor\config.h">
      <Filter>头文件\YSLib\Adaptor</Filter>
    </ClInclude>
    <ClInclude Include="include\YSLib\Adaptor\cont.h">
      <Filter>头文件\YSLib\Adaptor</Filter>
    </ClInclude>
    <ClInclude Include="include\YSLib\Adaptor\yadaptor.h">
      <Filter>头文件\YSLib\Adaptor</Filter>
    </ClInclude>
    <ClInclude Include="include\YSLib\Adaptor\yaslivsp.hpp">
      <Filter>头文件\YSLib\Adaptor</Filter>
    </ClInclude>
    <ClInclude Include="include\YSLib\Adaptor\yfont.h">
      <Filter>头文件\YSLib\Adaptor</Filter>
    </ClInclude>
    <ClInclude Include="include\YSLib\Adaptor\ynew.h">
      <Filter>头文件\YSLib\Adaptor</Filter>
    </ClInclude>
    <ClInclude Include="include\YSLib\Adaptor\yref.hpp">
      <Filter>头文件\YSLib\Adaptor</Filter>
    </ClInclude>
    <ClInclude Include="include\YSLib\Adaptor\ysinit.h">
      <Filter>头文件\YSLib\Adaptor</Filter>
    </ClInclude>
    <ClInclude Include="include\YSLib\Core\yapp.h">
      <Filter>头文件\YSLib\Core</Filter>
    </ClInclude>
    <ClInclude Include="include\YSLib\Core\ycounter.hpp">
      <Filter>头文件\YSLib\Core</Filter>
    </ClInclude>
    <ClInclude Include="include\YSLib\Core\ycutil.h">
      <Filter>头文件\YSLib\Core</Filter>
    </ClInclude>
    <ClInclude Include="include\YSLib\Core\ydevice.h">
      <Filter>头文件\YSLib\Core</Filter>
    </ClInclude>
    <ClInclude Include="include\YSLib\Core\yevt.hpp">
      <Filter>头文件\YSLib\Core</Filter>
    </ClInclude>
    <ClInclude Include="include\YSLib\Core\yexcept.h">
      <Filter>头文件\YSLib\Core</Filter>
    </ClInclude>
    <ClInclude Include="include\YSLib\Core\yfile.h">
      <Filter>头文件\YSLib\Core</Filter>
    </ClInclude>
    <ClInclude Include="include\YSLib\Core\yfilesys.h">
      <Filter>头文件\YSLib\Core</Filter>
    </ClInclude>
    <ClInclude Include="include\YSLib\Core\yftext.h">
      <Filter>头文件\YSLib\Core</Filter>
    </ClInclude>
    <ClInclude Include="include\YSLib\Core\yfunc.hpp">
      <Filter>头文件\YSLib\Core</Filter>
    </ClInclude>
    <ClInclude Include="include\YSLib\Core\yobject.h">
      <Filter>头文件\YSLib\Core</Filter>
    </ClInclude>
    <ClInclude Include="include\YSLib\Core\yres.h">
      <Filter>头文件\YSLib\Core</Filter>
    </ClInclude>
    <ClInclude Include="include\YSLib\Core\ysdef.h">
      <Filter>头文件\YSLib\Core</Filter>
    </ClInclude>
    <ClInclude Include="include\YSLib\Core\yshell.h">
      <Filter>头文件\YSLib\Core</Filter>
    </ClInclude>
    <ClInclude Include="include\YSLib\Core\ysmsg.h">
      <Filter>头文件\YSLib\Core</Filter>
    </ClInclude>
    <ClInclude Include="include\YSLib\Core\ysmsgdef.h">
      <Filter>头文件\YSLib\Core</Filter>
    </ClInclude>
    <ClInclude Include="include\YSLib\Core\ystring.h">
      <Filter>头文件\YSLib\Core</Filter>
    </ClInclude>
    <ClInclude Include="include\YSLib\Helper\shlds.h">
      <Filter>头文件\YSLib\Helper</Filter>
    </ClInclude>
    <ClInclude Include="include\YSLib\Helper\yglobal.h">
      <Filter>头文件\YSLib\Helper</Filter>
    </ClInclude>
    <ClInclude Include="include\YSLib\Helper\yshelper.h">
      <Filter>头文件\YSLib\Helper</Filter>
    </ClInclude>
    <ClInclude Include="include\YSLib\Service\ytimer.h">
      <Filter>头文件\YSLib\Service</Filter>
    </ClInclude>
    <ClInclude Include="include\YSLib\Service\ytmgr.h">
      <Filter>头文件\YSLib\Service</Filter>
    </ClInclude>
    <ClInclude Include="include\YSLib\Shell\ycomp.h">
      <Filter>头文件\YSLib\Shell</Filter>
    </ClInclude>
    <ClInclude Include="include\YSLib\Shell\ycontrol.h">
      <Filter>头文件\YSLib\Shell</Filter>
    </ClInclude>
    <ClInclude Include="include\YSLib\Shell\ydesktop.h">
      <Filter>头文件\YSLib\Shell</Filter>
    </ClInclude>
    <ClInclude Include="include\YSLib\Shell\yfocus.h">
      <Filter>头文件\YSLib\Shell</Filter>
    </ClInclude>
    <ClInclude Include="include\YSLib\Shell\yform.h">
      <Filter>头文件\YSLib\Shell</Filter>
    </ClInclude>
    <ClInclude Include="include\YSLib\Shell\ygdi.h">
      <Filter>头文件\YSLib\Shell</Filter>
    </ClInclude>
    <ClInclude Include="include\YSLib\Shell\ygui.h">
      <Filter>头文件\YSLib\Shell</Filter>
    </ClInclude>
    <ClInclude Include="include\YSLib\Shell\ytext.h">
      <Filter>头文件\YSLib\Shell</Filter>
    </ClInclude>
    <ClInclude Include="include\YSLib\Shell\ywidget.h">
      <Filter>头文件\YSLib\Shell</Filter>
    </ClInclude>
    <ClInclude Include="include\YSLib\Shell\ywindow.h">
      <Filter>头文件\YSLib\Shell</Filter>
    </ClInclude>
    <ClInclude Include="include\ysbuild.h">
      <Filter>头文件</Filter>
    </ClInclude>
    <ClInclude Include="include\YSLib\Shell\yuicont.h">
      <Filter>头文件\YSLib\Shell</Filter>
    </ClInclude>
    <ClInclude Include="include\YSLib\Shell\ylabel.h">
      <Filter>头文件\YSLib\Shell</Filter>
    </ClInclude>
    <ClInclude Include="include\YSLib\Shell\yuicontx.h">
      <Filter>头文件\YSLib\Shell</Filter>
    </ClInclude>
    <ClInclude Include="include\YSLib\Shell\ystyle.h">
      <Filter>头文件\YSLib\Shell</Filter>
    </ClInclude>
    <ClInclude Include="include\YSLib\Shell\scroll.h">
      <Filter>头文件\YSLib\Shell</Filter>
    </ClInclude>
    <ClInclude Include="include\YSLib\Shell\listbox.h">
      <Filter>头文件\YSLib\Shell</Filter>
    </ClInclude>
    <ClInclude Include="include\YSLib\Shell\button.h">
      <Filter>头文件\YSLib\Shell</Filter>
    </ClInclude>
    <ClInclude Include="include\YSLib\Core\ystatic.hpp">
      <Filter>头文件\YSLib\Core</Filter>
    </ClInclude>
  </ItemGroup>
  <ItemGroup>
    <ClCompile Include="source\YSLib\Adaptor\yfont.cpp">
      <Filter>源文件\YSLib\Adaptor</Filter>
    </ClCompile>
    <ClCompile Include="source\YSLib\Adaptor\ynew.cpp">
      <Filter>源文件\YSLib\Adaptor</Filter>
    </ClCompile>
    <ClCompile Include="source\YSLib\Adaptor\ysinit.cpp">
      <Filter>源文件\YSLib\Adaptor</Filter>
    </ClCompile>
    <ClCompile Include="source\YSLib\Core\yapp.cpp">
      <Filter>源文件\YSLib\Core</Filter>
    </ClCompile>
    <ClCompile Include="source\YSLib\Core\ydevice.cpp">
      <Filter>源文件\YSLib\Core</Filter>
    </ClCompile>
    <ClCompile Include="source\YSLib\Core\yexcept.cpp">
      <Filter>源文件\YSLib\Core</Filter>
    </ClCompile>
    <ClCompile Include="source\YSLib\Core\yfile.cpp">
      <Filter>源文件\YSLib\Core</Filter>
    </ClCompile>
    <ClCompile Include="source\YSLib\Core\yfilesys.cpp">
      <Filter>源文件\YSLib\Core</Filter>
    </ClCompile>
    <ClCompile Include="source\YSLib\Core\yftext.cpp">
      <Filter>源文件\YSLib\Core</Filter>
    </ClCompile>
    <ClCompile Include="source\YSLib\Core\yobject.cpp">
      <Filter>源文件\YSLib\Core</Filter>
    </ClCompile>
    <ClCompile Include="source\YSLib\Core\yres.cpp">
      <Filter>源文件\YSLib\Core</Filter>
    </ClCompile>
    <ClCompile Include="source\YSLib\Core\yshell.cpp">
      <Filter>源文件\YSLib\Core</Filter>
    </ClCompile>
    <ClCompile Include="source\YSLib\Core\ysmsg.cpp">
      <Filter>源文件\YSLib\Core</Filter>
    </ClCompile>
    <ClCompile Include="source\YSLib\Core\ystring.cpp">
      <Filter>源文件\YSLib\Core</Filter>
    </ClCompile>
    <ClCompile Include="source\YSLib\Helper\shlds.cpp">
      <Filter>源文件\YSLib\Helper</Filter>
    </ClCompile>
    <ClCompile Include="source\YSLib\Helper\yglobal.cpp">
      <Filter>源文件\YSLib\Helper</Filter>
    </ClCompile>
    <ClCompile Include="source\YSLib\Helper\yshelper.cpp">
      <Filter>源文件\YSLib\Helper</Filter>
    </ClCompile>
    <ClCompile Include="source\YSLib\Service\ytimer.cpp">
      <Filter>源文件\YSLib\Service</Filter>
    </ClCompile>
    <ClCompile Include="source\YSLib\Service\ytmgr.cpp">
      <Filter>源文件\YSLib\Service</Filter>
    </ClCompile>
    <ClCompile Include="source\YSLib\Shell\ycomp.cpp">
      <Filter>源文件\YSLib\Shell</Filter>
    </ClCompile>
    <ClCompile Include="source\YSLib\Shell\ycontrol.cpp">
      <Filter>源文件\YSLib\Shell</Filter>
    </ClCompile>
    <ClCompile Include="source\YSLib\Shell\ydesktop.cpp">
      <Filter>源文件\YSLib\Shell</Filter>
    </ClCompile>
    <ClCompile Include="source\YSLib\Shell\yfocus.cpp">
      <Filter>源文件\YSLib\Shell</Filter>
    </ClCompile>
    <ClCompile Include="source\YSLib\Shell\yform.cpp">
      <Filter>源文件\YSLib\Shell</Filter>
    </ClCompile>
    <ClCompile Include="source\YSLib\Shell\ygdi.cpp">
      <Filter>源文件\YSLib\Shell</Filter>
    </ClCompile>
    <ClCompile Include="source\YSLib\Shell\ygui.cpp">
      <Filter>源文件\YSLib\Shell</Filter>
    </ClCompile>
    <ClCompile Include="source\YSLib\Shell\ytext.cpp">
      <Filter>源文件\YSLib\Shell</Filter>
    </ClCompile>
    <ClCompile Include="source\YSLib\Shell\ywidget.cpp">
      <Filter>源文件\YSLib\Shell</Filter>
    </ClCompile>
    <ClCompile Include="source\YSLib\Shell\ywindow.cpp">
      <Filter>源文件\YSLib\Shell</Filter>
    </ClCompile>
    <ClCompile Include="source\YSLib\Shell\ylabel.cpp">
      <Filter>源文件\YSLib\Shell</Filter>
    </ClCompile>
    <ClCompile Include="source\YSLib\Shell\yuicont.cpp">
      <Filter>源文件\YSLib\Shell</Filter>
    </ClCompile>
    <ClCompile Include="source\YSLib\Shell\yuicontx.cpp">
      <Filter>源文件\YSLib\Shell</Filter>
    </ClCompile>
    <ClCompile Include="source\YSLib\Shell\scroll.cpp">
      <Filter>源文件\YSLib\Shell</Filter>
    </ClCompile>
    <ClCompile Include="source\YSLib\Shell\ystyle.cpp">
      <Filter>源文件\YSLib\Shell</Filter>
    </ClCompile>
    <ClCompile Include="source\YSLib\Shell\listbox.cpp">
      <Filter>源文件\YSLib\Shell</Filter>
    </ClCompile>
    <ClCompile Include="source\YSLib\Shell\button.cpp">
      <Filter>源文件\YSLib\Shell</Filter>
    </ClCompile>
  </ItemGroup>
</Project>