<?xml version="1.0" encoding="UTF-8" standalone="yes" ?>
<CodeBlocks_project_file>
	<FileVersion major="1" minor="6" />
	<Project>
		<Option title="YFramework" />
		<Option makefile_is_custom="1" />
		<Option pch_mode="2" />
		<Option compiler="gnu_armeabi_gcc_compiler" />
		<MakeCommands>
			<Build command="$make -f $makefile -r BUILD=$target 2&gt;&amp;1 | sed -e %27s/\(.[a-zA-Z]\+\):\([0-9]\+\):/\1(\2):/%27" />
			<CompileFile command="$make -f $makefile $file" />
			<Clean command="$make -f $makefile -r BUILD=$target clean" />
			<DistClean command="$make -f $makefile distclean$target" />
			<AskRebuildNeeded command="$make -q -f $makefile -r BUILD=$target rebuild" />
			<SilentBuild command="$make -s -f $makefile -r BUILD=$target 2&gt;&amp;1 | sed -e %27s/\(.[a-zA-Z]\+\):\([0-9]\+\):/\1(\2):/%27" />
		</MakeCommands>
		<Build>
			<Target title="debug">
				<Option type="4" />
				<Option compiler="gnu_armeabi_gcc_compiler" />
				<Compiler>
					<Add option="-g" />
				</Compiler>
				<MakeCommands>
					<Build command="$make -f $makefile -r BUILD=$target" />
					<CompileFile command="$make -f $makefile $file" />
					<Clean command="$make -f $makefile -r BUILD=$target clean" />
					<DistClean command="$make -f $makefile distclean$target" />
					<AskRebuildNeeded command="$make -q -f $makefile -r BUILD=$target rebuild" />
					<SilentBuild command="$make -s -f $makefile -r BUILD=$target" />
				</MakeCommands>
			</Target>
			<Target title="release">
				<Option output="release/YFramework" prefix_auto="1" extension_auto="1" />
				<Option object_output="release/" />
				<Option type="1" />
				<Option compiler="gnu_armeabi_gcc_compiler" />
				<Compiler>
					<Add option="-O2" />
				</Compiler>
				<Linker>
					<Add option="-s" />
				</Linker>
				<MakeCommands>
					<Build command="$make -f $makefile -r BUILD=$target" />
					<CompileFile command="$make -f $makefile $file" />
					<Clean command="$make -f $makefile -r BUILD=$target clean" />
					<DistClean command="$make -f $makefile distclean$target" />
					<AskRebuildNeeded command="$make -q -f $makefile -r BUILD=$target rebuild" />
					<SilentBuild command="$make -s -f $makefile -r BUILD=$target" />
				</MakeCommands>
			</Target>
		</Build>
		<Compiler>
			<Add option="-Wall" />
		</Compiler>
		<Unit filename="../3rdparty/include/FreeImage.h" />
		<Unit filename="../3rdparty/include/freetype/config/ftconfig.h" />
		<Unit filename="../3rdparty/include/freetype/config/ftheader.h" />
		<Unit filename="../3rdparty/include/freetype/config/ftmodule.h" />
		<Unit filename="../3rdparty/include/freetype/config/ftoption.h" />
		<Unit filename="../3rdparty/include/freetype/config/ftstdlib.h" />
		<Unit filename="../3rdparty/include/freetype/freetype.h" />
		<Unit filename="../3rdparty/include/freetype/ftadvanc.h" />
		<Unit filename="../3rdparty/include/freetype/ftautoh.h" />
		<Unit filename="../3rdparty/include/freetype/ftbbox.h" />
		<Unit filename="../3rdparty/include/freetype/ftbdf.h" />
		<Unit filename="../3rdparty/include/freetype/ftbitmap.h" />
		<Unit filename="../3rdparty/include/freetype/ftbzip2.h" />
		<Unit filename="../3rdparty/include/freetype/ftcache.h" />
		<Unit filename="../3rdparty/include/freetype/ftchapters.h" />
		<Unit filename="../3rdparty/include/freetype/ftcid.h" />
		<Unit filename="../3rdparty/include/freetype/fterrdef.h" />
		<Unit filename="../3rdparty/include/freetype/fterrors.h" />
		<Unit filename="../3rdparty/include/freetype/ftgasp.h" />
		<Unit filename="../3rdparty/include/freetype/ftglyph.h" />
		<Unit filename="../3rdparty/include/freetype/ftgxval.h" />
		<Unit filename="../3rdparty/include/freetype/ftgzip.h" />
		<Unit filename="../3rdparty/include/freetype/ftimage.h" />
		<Unit filename="../3rdparty/include/freetype/ftincrem.h" />
		<Unit filename="../3rdparty/include/freetype/ftlcdfil.h" />
		<Unit filename="../3rdparty/include/freetype/ftlist.h" />
		<Unit filename="../3rdparty/include/freetype/ftlzw.h" />
		<Unit filename="../3rdparty/include/freetype/ftmac.h" />
		<Unit filename="../3rdparty/include/freetype/ftmm.h" />
		<Unit filename="../3rdparty/include/freetype/ftmodapi.h" />
		<Unit filename="../3rdparty/include/freetype/ftmoderr.h" />
		<Unit filename="../3rdparty/include/freetype/ftotval.h" />
		<Unit filename="../3rdparty/include/freetype/ftoutln.h" />
		<Unit filename="../3rdparty/include/freetype/ftpfr.h" />
		<Unit filename="../3rdparty/include/freetype/ftrender.h" />
		<Unit filename="../3rdparty/include/freetype/ftsizes.h" />
		<Unit filename="../3rdparty/include/freetype/ftsnames.h" />
		<Unit filename="../3rdparty/include/freetype/ftstroke.h" />
		<Unit filename="../3rdparty/include/freetype/ftsynth.h" />
		<Unit filename="../3rdparty/include/freetype/ftsystem.h" />
		<Unit filename="../3rdparty/include/freetype/fttrigon.h" />
		<Unit filename="../3rdparty/include/freetype/fttypes.h" />
		<Unit filename="../3rdparty/include/freetype/ftwinfnt.h" />
		<Unit filename="../3rdparty/include/freetype/ftxf86.h" />
		<Unit filename="../3rdparty/include/freetype/internal/autohint.h" />
		<Unit filename="../3rdparty/include/freetype/internal/ftcalc.h" />
		<Unit filename="../3rdparty/include/freetype/internal/ftdebug.h" />
		<Unit filename="../3rdparty/include/freetype/internal/ftdriver.h" />
		<Unit filename="../3rdparty/include/freetype/internal/ftgloadr.h" />
		<Unit filename="../3rdparty/include/freetype/internal/ftmemory.h" />
		<Unit filename="../3rdparty/include/freetype/internal/ftobjs.h" />
		<Unit filename="../3rdparty/include/freetype/internal/ftpic.h" />
		<Unit filename="../3rdparty/include/freetype/internal/ftrfork.h" />
		<Unit filename="../3rdparty/include/freetype/internal/ftserv.h" />
		<Unit filename="../3rdparty/include/freetype/internal/ftstream.h" />
		<Unit filename="../3rdparty/include/freetype/internal/fttrace.h" />
		<Unit filename="../3rdparty/include/freetype/internal/ftvalid.h" />
		<Unit filename="../3rdparty/include/freetype/internal/internal.h" />
		<Unit filename="../3rdparty/include/freetype/internal/psaux.h" />
		<Unit filename="../3rdparty/include/freetype/internal/pshints.h" />
		<Unit filename="../3rdparty/include/freetype/internal/services/svbdf.h" />
		<Unit filename="../3rdparty/include/freetype/internal/services/svcid.h" />
		<Unit filename="../3rdparty/include/freetype/internal/services/svgldict.h" />
		<Unit filename="../3rdparty/include/freetype/internal/services/svgxval.h" />
		<Unit filename="../3rdparty/include/freetype/internal/services/svkern.h" />
		<Unit filename="../3rdparty/include/freetype/internal/services/svmm.h" />
		<Unit filename="../3rdparty/include/freetype/internal/services/svotval.h" />
		<Unit filename="../3rdparty/include/freetype/internal/services/svpfr.h" />
		<Unit filename="../3rdparty/include/freetype/internal/services/svpostnm.h" />
		<Unit filename="../3rdparty/include/freetype/internal/services/svprop.h" />
		<Unit filename="../3rdparty/include/freetype/internal/services/svpscmap.h" />
		<Unit filename="../3rdparty/include/freetype/internal/services/svpsinfo.h" />
		<Unit filename="../3rdparty/include/freetype/internal/services/svsfnt.h" />
		<Unit filename="../3rdparty/include/freetype/internal/services/svttcmap.h" />
		<Unit filename="../3rdparty/include/freetype/internal/services/svtteng.h" />
		<Unit filename="../3rdparty/include/freetype/internal/services/svttglyf.h" />
		<Unit filename="../3rdparty/include/freetype/internal/services/svwinfnt.h" />
		<Unit filename="../3rdparty/include/freetype/internal/services/svxf86nm.h" />
		<Unit filename="../3rdparty/include/freetype/internal/sfnt.h" />
		<Unit filename="../3rdparty/include/freetype/internal/t1types.h" />
		<Unit filename="../3rdparty/include/freetype/internal/tttypes.h" />
		<Unit filename="../3rdparty/include/freetype/t1tables.h" />
		<Unit filename="../3rdparty/include/freetype/ttnameid.h" />
		<Unit filename="../3rdparty/include/freetype/tttables.h" />
		<Unit filename="../3rdparty/include/freetype/tttags.h" />
		<Unit filename="../3rdparty/include/freetype/ttunpat.h" />
		<Unit filename="../3rdparty/include/ft2build.h" />
		<Unit filename="data/cp113.bin" />
		<Unit filename="data/default_font.bin" />
		<Unit filename="include/CHRLib/Convert.hpp" />
		<Unit filename="include/CHRLib/MapEx.h" />
		<Unit filename="include/CHRLib/chrdef.h" />
		<Unit filename="include/CHRLib/chrmap.h" />
		<Unit filename="include/CHRLib/chrproc.h" />
		<Unit filename="include/CHRLib/encoding.h" />
		<Unit filename="include/CHRLib/smap.hpp" />
		<Unit filename="include/Helper/GUIApplication.h" />
		<Unit filename="include/Helper/GUIShell.h" />
		<Unit filename="include/Helper/Host.h" />
		<Unit filename="include/Helper/HostRenderer.h" />
		<Unit filename="include/Helper/HostWindow.h" />
		<Unit filename="include/Helper/HostedUI.h" />
		<Unit filename="include/Helper/Initialization.h" />
		<Unit filename="include/Helper/InputManager.h" />
		<Unit filename="include/Helper/ScreenBuffer.h" />
		<Unit filename="include/Helper/ShellHelper.h" />
		<Unit filename="include/Helper/yglobal.h" />
		<Unit filename="include/NPL/Configuration.h" />
		<Unit filename="include/NPL/Lexical.h" />
		<Unit filename="include/NPL/SContext.h" />
		<Unit filename="include/YBaseMacro.h" />
		<Unit filename="include/YCLib/Debug.h" />
		<Unit filename="include/YCLib/FileSystem.h" />
		<Unit filename="include/YCLib/Input.h" />
		<Unit filename="include/YCLib/Keys.h" />
		<Unit filename="include/YCLib/MemoryMapping.h" />
		<Unit filename="include/YCLib/NativeAPI.h" />
		<Unit filename="include/YCLib/Platform.h" />
		<Unit filename="include/YCLib/Timer.h" />
		<Unit filename="include/YCLib/Video.h" />
		<Unit filename="include/YCLib/ycommon.h" />
		<Unit filename="include/YSLib/Adaptor/Font.h" />
		<Unit filename="include/YSLib/Adaptor/Image.h" />
		<Unit filename="include/YSLib/Adaptor/YTextBase.h" />
		<Unit filename="include/YSLib/Adaptor/config.h" />
		<Unit filename="include/YSLib/Adaptor/yadaptor.h" />
		<Unit filename="include/YSLib/Adaptor/ycont.h" />
		<Unit filename="include/YSLib/Adaptor/ynew.h" />
		<Unit filename="include/YSLib/Adaptor/yref.hpp" />
		<Unit filename="include/YSLib/Core/ValueNode.h" />
		<Unit filename="include/YSLib/Core/yapp.h" />
		<Unit filename="include/YSLib/Core/ycounter.hpp" />
		<Unit filename="include/YSLib/Core/ycutil.h" />
		<Unit filename="include/YSLib/Core/ydevice.h" />
		<Unit filename="include/YSLib/Core/yevt.hpp" />
		<Unit filename="include/YSLib/Core/yexcept.h" />
		<Unit filename="include/YSLib/Core/yfilesys.h" />
		<Unit filename="include/YSLib/Core/yfunc.hpp" />
		<Unit filename="include/YSLib/Core/ygdibase.h" />
		<Unit filename="include/YSLib/Core/ymsg.h" />
		<Unit filename="include/YSLib/Core/ymsgdef.h" />
		<Unit filename="include/YSLib/Core/yobject.h" />
		<Unit filename="include/YSLib/Core/ysdef.h" />
		<Unit filename="include/YSLib/Core/yshell.h" />
		<Unit filename="include/YSLib/Core/ystorage.hpp" />
		<Unit filename="include/YSLib/Core/ystring.h" />
		<Unit filename="include/YSLib/Service/AccessHistory.hpp" />
		<Unit filename="include/YSLib/Service/CharRenderer.h" />
		<Unit filename="include/YSLib/Service/TextBase.h" />
		<Unit filename="include/YSLib/Service/TextLayout.h" />
		<Unit filename="include/YSLib/Service/TextRenderer.h" />
		<Unit filename="include/YSLib/Service/textmgr.h" />
		<Unit filename="include/YSLib/Service/yblit.h" />
		<Unit filename="include/YSLib/Service/ydraw.h" />
		<Unit filename="include/YSLib/Service/yfile.h" />
		<Unit filename="include/YSLib/Service/yftext.h" />
		<Unit filename="include/YSLib/Service/ygdi.h" />
		<Unit filename="include/YSLib/Service/yres.h" />
		<Unit filename="include/YSLib/Service/ytimer.h" />
		<Unit filename="include/YSLib/UI/ComboList.h" />
		<Unit filename="include/YSLib/UI/Console.h" />
		<Unit filename="include/YSLib/UI/Selector.h" />
		<Unit filename="include/YSLib/UI/WidgetIteration.h" />
		<Unit filename="include/YSLib/UI/YBrush.h" />
		<Unit filename="include/YSLib/UI/YComponent.h" />
		<Unit filename="include/YSLib/UI/button.h" />
		<Unit filename="include/YSLib/UI/form.h" />
		<Unit filename="include/YSLib/UI/label.h" />
		<Unit filename="include/YSLib/UI/menu.h" />
		<Unit filename="include/YSLib/UI/progress.h" />
		<Unit filename="include/YSLib/UI/scroll.h" />
		<Unit filename="include/YSLib/UI/textarea.h" />
		<Unit filename="include/YSLib/UI/textlist.h" />
		<Unit filename="include/YSLib/UI/uicontx.h" />
		<Unit filename="include/YSLib/UI/viewer.hpp" />
		<Unit filename="include/YSLib/UI/ycontrol.h" />
		<Unit filename="include/YSLib/UI/ydesktop.h" />
		<Unit filename="include/YSLib/UI/yfocus.h" />
		<Unit filename="include/YSLib/UI/ygui.h" />
		<Unit filename="include/YSLib/UI/ypanel.h" />
		<Unit filename="include/YSLib/UI/yrender.h" />
		<Unit filename="include/YSLib/UI/ystyle.h" />
		<Unit filename="include/YSLib/UI/yuicont.h" />
		<Unit filename="include/YSLib/UI/ywgtevt.h" />
		<Unit filename="include/YSLib/UI/ywgtview.h" />
		<Unit filename="include/YSLib/UI/ywidget.h" />
		<Unit filename="include/YSLib/UI/ywindow.h" />
		<Unit filename="include/ysbuild.h" />
		<Unit filename="source/CHRLib/MapEx.cpp" />
		<Unit filename="source/CHRLib/chrmap.cpp" />
		<Unit filename="source/CHRLib/chrproc.cpp" />
		<Unit filename="source/Helper/DSMain.cpp" />
		<Unit filename="source/Helper/DSScreen.cpp" />
		<Unit filename="source/Helper/DSWindow.cpp" />
		<Unit filename="source/Helper/GUIApplication.cpp" />
		<Unit filename="source/Helper/GUIShell.cpp" />
		<Unit filename="source/Helper/Host.cpp" />
		<Unit filename="source/Helper/HostRenderer.cpp" />
		<Unit filename="source/Helper/HostWindow.cpp" />
		<Unit filename="source/Helper/HostedUI.cpp" />
		<Unit filename="source/Helper/Initialization.cpp" />
		<Unit filename="source/Helper/InputManager.cpp" />
		<Unit filename="source/Helper/ScreenBuffer.cpp" />
		<Unit filename="source/Helper/ShellHelper.cpp" />
		<Unit filename="source/Helper/yglobal.cpp" />
		<Unit filename="source/NPL/Configuration.cpp" />
		<Unit filename="source/NPL/Lexical.cpp" />
		<Unit filename="source/NPL/SContext.cpp" />
		<Unit filename="source/YCLib/Debug.cpp" />
		<Unit filename="source/YCLib/FileSystem.cpp" />
		<Unit filename="source/YCLib/Input.cpp" />
		<Unit filename="source/YCLib/Keys.cpp" />
		<Unit filename="source/YCLib/MemoryMapping.cpp" />
		<Unit filename="source/YCLib/NativeAPI.cpp" />
		<Unit filename="source/YCLib/Timer.cpp" />
		<Unit filename="source/YCLib/Video.cpp" />
		<Unit filename="source/YCLib/ycommon.cpp" />
		<Unit filename="source/YSLib/Adaptor/Font.cpp" />
		<Unit filename="source/YSLib/Adaptor/Image.cpp" />
		<Unit filename="source/YSLib/Adaptor/ynew.cpp" />
		<Unit filename="source/YSLib/Core/ValueNode.cpp" />
		<Unit filename="source/YSLib/Core/yapp.cpp" />
		<Unit filename="source/YSLib/Core/ydevice.cpp" />
		<Unit filename="source/YSLib/Core/yexcept.cpp" />
		<Unit filename="source/YSLib/Core/yfilesys.cpp" />
		<Unit filename="source/YSLib/Core/ygdibase.cpp" />
		<Unit filename="source/YSLib/Core/ymsg.cpp" />
		<Unit filename="source/YSLib/Core/yobject.cpp" />
		<Unit filename="source/YSLib/Core/yshell.cpp" />
		<Unit filename="source/YSLib/Core/ystring.cpp" />
		<Unit filename="source/YSLib/Service/CharRenderer.cpp" />
		<Unit filename="source/YSLib/Service/TextBase.cpp" />
		<Unit filename="source/YSLib/Service/TextLayout.cpp" />
		<Unit filename="source/YSLib/Service/TextRenderer.cpp" />
		<Unit filename="source/YSLib/Service/textmgr.cpp" />
		<Unit filename="source/YSLib/Service/yblit.cpp" />
		<Unit filename="source/YSLib/Service/ydraw.cpp" />
		<Unit filename="source/YSLib/Service/yfile.cpp" />
		<Unit filename="source/YSLib/Service/yftext.cpp" />
		<Unit filename="source/YSLib/Service/ygdi.cpp" />
		<Unit filename="source/YSLib/Service/yres.cpp" />
		<Unit filename="source/YSLib/Service/ytimer.cpp" />
		<Unit filename="source/YSLib/UI/ComboList.cpp" />
		<Unit filename="source/YSLib/UI/Console.cpp" />
		<Unit filename="source/YSLib/UI/Selector.cpp" />
		<Unit filename="source/YSLib/UI/YBrush.cpp" />
		<Unit filename="source/YSLib/UI/YComponent.cpp" />
		<Unit filename="source/YSLib/UI/button.cpp" />
		<Unit filename="source/YSLib/UI/form.cpp" />
		<Unit filename="source/YSLib/UI/label.cpp" />
		<Unit filename="source/YSLib/UI/menu.cpp" />
		<Unit filename="source/YSLib/UI/progress.cpp" />
		<Unit filename="source/YSLib/UI/scroll.cpp" />
		<Unit filename="source/YSLib/UI/textarea.cpp" />
		<Unit filename="source/YSLib/UI/textlist.cpp" />
		<Unit filename="source/YSLib/UI/uicontx.cpp" />
		<Unit filename="source/YSLib/UI/ycontrol.cpp" />
		<Unit filename="source/YSLib/UI/ydesktop.cpp" />
		<Unit filename="source/YSLib/UI/yfocus.cpp" />
		<Unit filename="source/YSLib/UI/ygui.cpp" />
		<Unit filename="source/YSLib/UI/ypanel.cpp" />
		<Unit filename="source/YSLib/UI/yrender.cpp" />
		<Unit filename="source/YSLib/UI/ystyle.cpp" />
		<Unit filename="source/YSLib/UI/yuicont.cpp" />
		<Unit filename="source/YSLib/UI/ywgtevt.cpp" />
		<Unit filename="source/YSLib/UI/ywgtview.cpp" />
		<Unit filename="source/YSLib/UI/ywidget.cpp" />
		<Unit filename="source/YSLib/UI/ywindow.cpp" />
		<Extensions>
			<DoxyBlocks>
				<comment_style block="1" line="1" />
				<doxyfile_project />
				<doxyfile_build />
				<doxyfile_warnings />
				<doxyfile_output />
				<doxyfile_dot />
				<general />
			</DoxyBlocks>
			<code_completion />
			<envvars set="default" />
			<debugger />
			<lib_finder disable_auto="1" />
		</Extensions>
	</Project>
</CodeBlocks_project_file>
