<?xml version="1.0" encoding="utf-8"?>
<Project ToolsVersion="4.0" xmlns="http://schemas.microsoft.com/developer/msbuild/2003">
  <ItemGroup>
    <Filter Include="源文件">
      <UniqueIdentifier>{4FC737F1-C7A5-4376-A066-2A32D752A2FF}</UniqueIdentifier>
      <Extensions>cpp;c;cc;cxx;def;odl;idl;hpj;bat;asm;asmx</Extensions>
    </Filter>
    <Filter Include="头文件">
      <UniqueIdentifier>{93995380-89BD-4b04-88EB-625FBE52EBFB}</UniqueIdentifier>
      <Extensions>h;hpp;hxx;hm;inl;inc;xsd</Extensions>
    </Filter>
    <Filter Include="资源文件">
      <UniqueIdentifier>{67DA6AB6-F800-4c08-8B7A-83BB121AAD01}</UniqueIdentifier>
      <Extensions>
      </Extensions>
    </Filter>
    <Filter Include="头文件\YSLib">
      <UniqueIdentifier>{fbb995fa-dfe1-4f20-99ac-8f01e13a54ba}</UniqueIdentifier>
      <Extensions>h;hpp;hxx;hm;inl;inc;xsd</Extensions>
    </Filter>
    <Filter Include="头文件\YSLib\Core">
      <UniqueIdentifier>{bd4a3a95-5fe7-4471-9093-a76228bc5a0c}</UniqueIdentifier>
      <Extensions>h;hpp;hxx;hm;inl;inc;xsd</Extensions>
    </Filter>
    <Filter Include="源文件\YSLib">
      <UniqueIdentifier>{f3275f4a-7c35-4f37-9e01-2a72fdf5a481}</UniqueIdentifier>
      <Extensions>cpp;c;cc;cxx;def;odl;idl;hpj;bat;asm;asmx</Extensions>
    </Filter>
    <Filter Include="源文件\YSLib\Adaptor">
      <UniqueIdentifier>{601e8484-d8c2-4306-bc57-a8d4bd31d7d4}</UniqueIdentifier>
      <Extensions>cpp;c;cc;cxx;def;odl;idl;hpj;bat;asm;asmx</Extensions>
    </Filter>
    <Filter Include="源文件\YSLib\Core">
      <UniqueIdentifier>{ff96e32d-5490-430c-8ca1-170ec27e1627}</UniqueIdentifier>
      <Extensions>cpp;c;cc;cxx;def;odl;idl;hpj;bat;asm;asmx</Extensions>
    </Filter>
    <Filter Include="源文件\YSLib\UI">
      <UniqueIdentifier>{f7dc25e0-202c-4b9e-81d7-9c65aec7ed34}</UniqueIdentifier>
      <Extensions>cpp;c;cc;cxx;def;odl;idl;hpj;bat;asm;asmx</Extensions>
    </Filter>
    <Filter Include="源文件\YSLib\Service">
      <UniqueIdentifier>{b96801fe-820c-41af-aace-65b79a972730}</UniqueIdentifier>
      <Extensions>cpp;c;cc;cxx;def;odl;idl;hpj;bat;asm;asmx</Extensions>
    </Filter>
    <Filter Include="头文件\YSLib\UI">
      <UniqueIdentifier>{96f99953-d257-4ce9-8830-18e0a9ef269e}</UniqueIdentifier>
      <Extensions>h;hpp;hxx;hm;inl;inc;xsd</Extensions>
    </Filter>
    <Filter Include="头文件\YSLib\Service">
      <UniqueIdentifier>{d887d565-3b62-45a1-8ea5-d5ef0a4ce41d}</UniqueIdentifier>
      <Extensions>h;hpp;hxx;hm;inl;inc;xsd</Extensions>
    </Filter>
    <Filter Include="头文件\YCLib">
      <UniqueIdentifier>{8d979eb9-454f-483b-86bc-543f75ec9764}</UniqueIdentifier>
      <Extensions>h;hpp;hxx;hm;inl;inc;xsd</Extensions>
    </Filter>
    <Filter Include="头文件\CHRLib">
      <UniqueIdentifier>{94d4b407-2e4f-4adf-80a2-5c6ff181f1db}</UniqueIdentifier>
      <Extensions>h;hpp;hxx;hm;inl;inc;xsd</Extensions>
    </Filter>
    <Filter Include="源文件\YCLib">
      <UniqueIdentifier>{d6aaf15b-8e32-4c50-94e9-3b1d5604a6c2}</UniqueIdentifier>
      <Extensions>cpp;c;cc;cxx;def;odl;idl;hpj;bat;asm;asmx</Extensions>
    </Filter>
    <Filter Include="源文件\CHRLib">
      <UniqueIdentifier>{a0ebed6b-5c50-424a-a9bb-ed2e4a92369a}</UniqueIdentifier>
      <Extensions>cpp;c;cc;cxx;def;odl;idl;hpj;bat;asm;asmx</Extensions>
    </Filter>
    <Filter Include="文档">
      <UniqueIdentifier>{13193de8-2c62-4701-b8d9-520168a94ed9}</UniqueIdentifier>
      <Extensions>txt;htm;html;xml;doc;vsd</Extensions>
    </Filter>
    <Filter Include="头文件\freetype">
      <UniqueIdentifier>{e84ea4d1-fce8-4bb2-ac44-79d5a2876533}</UniqueIdentifier>
      <Extensions>h;hpp;hxx;hm;inl;inc;xsd</Extensions>
    </Filter>
    <Filter Include="头文件\freetype\config">
      <UniqueIdentifier>{913cab65-ebc0-4868-bb15-2ead85e739be}</UniqueIdentifier>
    </Filter>
    <Filter Include="头文件\freetype\internal">
      <UniqueIdentifier>{67f6f318-ae17-4637-a90d-1f53a59d4ca2}</UniqueIdentifier>
    </Filter>
    <Filter Include="头文件\freetype\internal\services">
      <UniqueIdentifier>{2e8d283b-d3e7-4e91-8ad1-0684e8a83950}</UniqueIdentifier>
    </Filter>
    <Filter Include="头文件\YSLib\Adaptor">
      <UniqueIdentifier>{88a70fc5-239e-4e2b-802c-dad41bd268c6}</UniqueIdentifier>
      <Extensions>h;hpp;hxx;hm;inl;inc;xsd</Extensions>
    </Filter>
    <Filter Include="头文件\Helper">
      <UniqueIdentifier>{cb17b9c9-4f0f-497c-9ada-56b9b2788d70}</UniqueIdentifier>
      <Extensions>h;hpp;hxx;hm;inl;inc;xsd</Extensions>
    </Filter>
    <Filter Include="源文件\Helper">
      <UniqueIdentifier>{bb88fc0f-6597-4a43-aced-4c811b312370}</UniqueIdentifier>
      <Extensions>cpp;c;cc;cxx;def;odl;idl;hpj;bat;asm;asmx</Extensions>
    </Filter>
    <Filter Include="文档\vsd">
      <UniqueIdentifier>{c160437d-5ba1-4570-8711-6444f363e3e9}</UniqueIdentifier>
      <Extensions>vsd</Extensions>
      <ParseFiles>false</ParseFiles>
    </Filter>
    <Filter Include="头文件\NPL">
      <UniqueIdentifier>{be67399b-785e-40b9-94e5-56c0c67fa0fc}</UniqueIdentifier>
      <Extensions>h;hpp;hxx;hm;inl;inc;xsd</Extensions>
    </Filter>
    <Filter Include="源文件\NPL">
      <UniqueIdentifier>{78451625-4364-4518-a397-7a6c95f61a4a}</UniqueIdentifier>
      <Extensions>cpp;c;cc;cxx;def;odl;idl;hpj;bat;asm;asmx</Extensions>
    </Filter>
  </ItemGroup>
  <ItemGroup>
    <None Include="..\doc\CHRLib.txt">
      <Filter>文档</Filter>
    </None>
    <None Include="..\doc\CommonRules.txt">
      <Filter>文档</Filter>
    </None>
    <None Include="..\doc\Definitions.txt">
      <Filter>文档</Filter>
    </None>
    <None Include="..\doc\Designation.txt">
      <Filter>文档</Filter>
    </None>
    <None Include="..\doc\YSLib.txt">
      <Filter>文档</Filter>
    </None>
    <None Include="..\doc\vsd\YFramework.vsd">
      <Filter>文档\vsd</Filter>
    </None>
    <None Include="..\doc\ProjectRules.txt">
      <Filter>文档</Filter>
    </None>
  </ItemGroup>
  <ItemGroup>
    <ClInclude Include="include\YSLib\Adaptor\config.h">
      <Filter>头文件\YSLib\Adaptor</Filter>
    </ClInclude>
    <ClInclude Include="include\YSLib\Adaptor\yadaptor.h">
      <Filter>头文件\YSLib\Adaptor</Filter>
    </ClInclude>
    <ClInclude Include="include\YSLib\Adaptor\ynew.h">
      <Filter>头文件\YSLib\Adaptor</Filter>
    </ClInclude>
    <ClInclude Include="include\YSLib\Adaptor\yref.hpp">
      <Filter>头文件\YSLib\Adaptor</Filter>
    </ClInclude>
    <ClInclude Include="include\YSLib\Core\yapp.h">
      <Filter>头文件\YSLib\Core</Filter>
    </ClInclude>
    <ClInclude Include="include\YSLib\Core\ycounter.hpp">
      <Filter>头文件\YSLib\Core</Filter>
    </ClInclude>
    <ClInclude Include="include\YSLib\Core\ycutil.h">
      <Filter>头文件\YSLib\Core</Filter>
    </ClInclude>
    <ClInclude Include="include\YSLib\Core\ydevice.h">
      <Filter>头文件\YSLib\Core</Filter>
    </ClInclude>
    <ClInclude Include="include\YSLib\Core\yevt.hpp">
      <Filter>头文件\YSLib\Core</Filter>
    </ClInclude>
    <ClInclude Include="include\YSLib\Core\yexcept.h">
      <Filter>头文件\YSLib\Core</Filter>
    </ClInclude>
    <ClInclude Include="include\YSLib\Core\yfilesys.h">
      <Filter>头文件\YSLib\Core</Filter>
    </ClInclude>
    <ClInclude Include="include\YSLib\Core\yfunc.hpp">
      <Filter>头文件\YSLib\Core</Filter>
    </ClInclude>
    <ClInclude Include="include\YSLib\Core\yobject.h">
      <Filter>头文件\YSLib\Core</Filter>
    </ClInclude>
    <ClInclude Include="include\YSLib\Core\ysdef.h">
      <Filter>头文件\YSLib\Core</Filter>
    </ClInclude>
    <ClInclude Include="include\YSLib\Core\yshell.h">
      <Filter>头文件\YSLib\Core</Filter>
    </ClInclude>
    <ClInclude Include="include\YSLib\Core\ystring.h">
      <Filter>头文件\YSLib\Core</Filter>
    </ClInclude>
    <ClInclude Include="include\YSLib\Service\ytimer.h">
      <Filter>头文件\YSLib\Service</Filter>
    </ClInclude>
    <ClInclude Include="include\ysbuild.h">
      <Filter>头文件</Filter>
    </ClInclude>
    <ClInclude Include="include\YSLib\Service\yfile.h">
      <Filter>头文件\YSLib\Service</Filter>
    </ClInclude>
    <ClInclude Include="include\YSLib\Service\yftext.h">
      <Filter>头文件\YSLib\Service</Filter>
    </ClInclude>
    <ClInclude Include="include\YSLib\Core\ygdibase.h">
      <Filter>头文件\YSLib\Core</Filter>
    </ClInclude>
    <ClInclude Include="include\YSLib\UI\button.h">
      <Filter>头文件\YSLib\UI</Filter>
    </ClInclude>
    <ClInclude Include="include\YSLib\UI\form.h">
      <Filter>头文件\YSLib\UI</Filter>
    </ClInclude>
    <ClInclude Include="include\YSLib\UI\scroll.h">
      <Filter>头文件\YSLib\UI</Filter>
    </ClInclude>
    <ClInclude Include="include\YSLib\UI\uicontx.h">
      <Filter>头文件\YSLib\UI</Filter>
    </ClInclude>
    <ClInclude Include="include\YSLib\UI\ycomp.h">
      <Filter>头文件\YSLib\UI</Filter>
    </ClInclude>
    <ClInclude Include="include\YSLib\UI\ycontrol.h">
      <Filter>头文件\YSLib\UI</Filter>
    </ClInclude>
    <ClInclude Include="include\YSLib\UI\ydesktop.h">
      <Filter>头文件\YSLib\UI</Filter>
    </ClInclude>
    <ClInclude Include="include\YSLib\UI\ygui.h">
      <Filter>头文件\YSLib\UI</Filter>
    </ClInclude>
    <ClInclude Include="include\YSLib\UI\ystyle.h">
      <Filter>头文件\YSLib\UI</Filter>
    </ClInclude>
    <ClInclude Include="include\YSLib\UI\yuicont.h">
      <Filter>头文件\YSLib\UI</Filter>
    </ClInclude>
    <ClInclude Include="include\YSLib\UI\ywidget.h">
      <Filter>头文件\YSLib\UI</Filter>
    </ClInclude>
    <ClInclude Include="include\YSLib\UI\ywindow.h">
      <Filter>头文件\YSLib\UI</Filter>
    </ClInclude>
    <ClInclude Include="include\YSLib\Service\textmgr.h">
      <Filter>头文件\YSLib\Service</Filter>
    </ClInclude>
    <ClInclude Include="include\YSLib\UI\menu.h">
      <Filter>头文件\YSLib\UI</Filter>
    </ClInclude>
    <ClInclude Include="include\YSLib\UI\textlist.h">
      <Filter>头文件\YSLib\UI</Filter>
    </ClInclude>
    <ClInclude Include="include\YSLib\Core\ymsgdef.h">
      <Filter>头文件\YSLib\Core</Filter>
    </ClInclude>
    <ClInclude Include="include\YSLib\Core\ymsg.h">
      <Filter>头文件\YSLib\Core</Filter>
    </ClInclude>
    <ClInclude Include="include\YSLib\Service\ygdi.h">
      <Filter>头文件\YSLib\Service</Filter>
    </ClInclude>
    <ClInclude Include="include\YSLib\Service\yres.h">
      <Filter>头文件\YSLib\Service</Filter>
    </ClInclude>
    <ClInclude Include="include\YSLib\Service\yblit.h">
      <Filter>头文件\YSLib\Service</Filter>
    </ClInclude>
    <ClInclude Include="include\YSLib\Service\ydraw.h">
      <Filter>头文件\YSLib\Service</Filter>
    </ClInclude>
    <ClInclude Include="include\YSLib\UI\progress.h">
      <Filter>头文件\YSLib\UI</Filter>
    </ClInclude>
    <ClInclude Include="include\YSLib\UI\label.h">
      <Filter>头文件\YSLib\UI</Filter>
    </ClInclude>
    <ClInclude Include="include\YSLib\UI\textarea.h">
      <Filter>头文件\YSLib\UI</Filter>
    </ClInclude>
    <ClInclude Include="include\YSLib\UI\viewer.hpp">
      <Filter>头文件\YSLib\UI</Filter>
    </ClInclude>
    <ClInclude Include="include\YSLib\UI\yrender.h">
      <Filter>头文件\YSLib\UI</Filter>
    </ClInclude>
    <ClInclude Include="include\YSLib\UI\ywgtevt.h">
      <Filter>头文件\YSLib\UI</Filter>
    </ClInclude>
    <ClInclude Include="include\YSLib\Core\ystorage.hpp">
      <Filter>头文件\YSLib\Core</Filter>
    </ClInclude>
    <ClInclude Include="include\CHRLib\chrdef.h">
      <Filter>头文件\CHRLib</Filter>
    </ClInclude>
    <ClInclude Include="include\CHRLib\chrmap.h">
      <Filter>头文件\CHRLib</Filter>
    </ClInclude>
    <ClInclude Include="include\CHRLib\chrproc.h">
      <Filter>头文件\CHRLib</Filter>
    </ClInclude>
    <ClInclude Include="include\CHRLib\encoding.h">
      <Filter>头文件\CHRLib</Filter>
    </ClInclude>
    <ClInclude Include="include\CHRLib\smap.hpp">
      <Filter>头文件\CHRLib</Filter>
    </ClInclude>
    <ClInclude Include="include\YCLib\ycommon.h">
      <Filter>头文件\YCLib</Filter>
    </ClInclude>
    <ClInclude Include="include\YSLib\Core\ybasemac.h">
      <Filter>头文件\YSLib\Core</Filter>
    </ClInclude>
    <ClInclude Include="include\YSLib\UI\ywgtview.h">
      <Filter>头文件\YSLib\UI</Filter>
    </ClInclude>
    <ClInclude Include="include\YSLib\Adaptor\ycont.h">
      <Filter>头文件\YSLib\Adaptor</Filter>
    </ClInclude>
    <ClInclude Include="include\YSLib\UI\yfocus.h">
      <Filter>头文件\YSLib\UI</Filter>
    </ClInclude>
    <ClInclude Include="include\YSLib\UI\ypanel.h">
      <Filter>头文件\YSLib\UI</Filter>
    </ClInclude>
    <ClInclude Include="include\YSLib\Service\CharRenderer.h">
      <Filter>头文件\YSLib\Service</Filter>
    </ClInclude>
    <ClInclude Include="include\YSLib\Service\TextBase.h">
      <Filter>头文件\YSLib\Service</Filter>
    </ClInclude>
    <ClInclude Include="include\YSLib\Service\TextLayout.h">
      <Filter>头文件\YSLib\Service</Filter>
    </ClInclude>
    <ClInclude Include="include\YSLib\Service\TextRenderer.h">
      <Filter>头文件\YSLib\Service</Filter>
    </ClInclude>
    <ClInclude Include="include\ft2build.h">
      <Filter>头文件</Filter>
    </ClInclude>
    <ClInclude Include="include\YCLib\NativeAPI.h">
      <Filter>头文件\YCLib</Filter>
    </ClInclude>
    <ClInclude Include="include\YCLib\Platform.h">
      <Filter>头文件\YCLib</Filter>
    </ClInclude>
    <ClInclude Include="include\freetype\internal\services\svbdf.h">
      <Filter>头文件\freetype\internal\services</Filter>
    </ClInclude>
    <ClInclude Include="include\freetype\internal\services\svcid.h">
      <Filter>头文件\freetype\internal\services</Filter>
    </ClInclude>
    <ClInclude Include="include\freetype\internal\services\svgldict.h">
      <Filter>头文件\freetype\internal\services</Filter>
    </ClInclude>
    <ClInclude Include="include\freetype\internal\services\svgxval.h">
      <Filter>头文件\freetype\internal\services</Filter>
    </ClInclude>
    <ClInclude Include="include\freetype\internal\services\svkern.h">
      <Filter>头文件\freetype\internal\services</Filter>
    </ClInclude>
    <ClInclude Include="include\freetype\internal\services\svmm.h">
      <Filter>头文件\freetype\internal\services</Filter>
    </ClInclude>
    <ClInclude Include="include\freetype\internal\services\svotval.h">
      <Filter>头文件\freetype\internal\services</Filter>
    </ClInclude>
    <ClInclude Include="include\freetype\internal\services\svpfr.h">
      <Filter>头文件\freetype\internal\services</Filter>
    </ClInclude>
    <ClInclude Include="include\freetype\internal\services\svpostnm.h">
      <Filter>头文件\freetype\internal\services</Filter>
    </ClInclude>
    <ClInclude Include="include\freetype\internal\services\svpscmap.h">
      <Filter>头文件\freetype\internal\services</Filter>
    </ClInclude>
    <ClInclude Include="include\freetype\internal\services\svpsinfo.h">
      <Filter>头文件\freetype\internal\services</Filter>
    </ClInclude>
    <ClInclude Include="include\freetype\internal\services\svsfnt.h">
      <Filter>头文件\freetype\internal\services</Filter>
    </ClInclude>
    <ClInclude Include="include\freetype\internal\services\svttcmap.h">
      <Filter>头文件\freetype\internal\services</Filter>
    </ClInclude>
    <ClInclude Include="include\freetype\internal\services\svtteng.h">
      <Filter>头文件\freetype\internal\services</Filter>
    </ClInclude>
    <ClInclude Include="include\freetype\internal\services\svttglyf.h">
      <Filter>头文件\freetype\internal\services</Filter>
    </ClInclude>
    <ClInclude Include="include\freetype\internal\services\svwinfnt.h">
      <Filter>头文件\freetype\internal\services</Filter>
    </ClInclude>
    <ClInclude Include="include\freetype\internal\services\svxf86nm.h">
      <Filter>头文件\freetype\internal\services</Filter>
    </ClInclude>
    <ClInclude Include="include\freetype\internal\autohint.h">
      <Filter>头文件\freetype\internal</Filter>
    </ClInclude>
    <ClInclude Include="include\freetype\internal\ftcalc.h">
      <Filter>头文件\freetype\internal</Filter>
    </ClInclude>
    <ClInclude Include="include\freetype\internal\ftdebug.h">
      <Filter>头文件\freetype\internal</Filter>
    </ClInclude>
    <ClInclude Include="include\freetype\internal\ftdriver.h">
      <Filter>头文件\freetype\internal</Filter>
    </ClInclude>
    <ClInclude Include="include\freetype\internal\ftgloadr.h">
      <Filter>头文件\freetype\internal</Filter>
    </ClInclude>
    <ClInclude Include="include\freetype\internal\ftmemory.h">
      <Filter>头文件\freetype\internal</Filter>
    </ClInclude>
    <ClInclude Include="include\freetype\internal\ftobjs.h">
      <Filter>头文件\freetype\internal</Filter>
    </ClInclude>
    <ClInclude Include="include\freetype\internal\ftpic.h">
      <Filter>头文件\freetype\internal</Filter>
    </ClInclude>
    <ClInclude Include="include\freetype\internal\ftrfork.h">
      <Filter>头文件\freetype\internal</Filter>
    </ClInclude>
    <ClInclude Include="include\freetype\internal\ftserv.h">
      <Filter>头文件\freetype\internal</Filter>
    </ClInclude>
    <ClInclude Include="include\freetype\internal\ftstream.h">
      <Filter>头文件\freetype\internal</Filter>
    </ClInclude>
    <ClInclude Include="include\freetype\internal\fttrace.h">
      <Filter>头文件\freetype\internal</Filter>
    </ClInclude>
    <ClInclude Include="include\freetype\internal\ftvalid.h">
      <Filter>头文件\freetype\internal</Filter>
    </ClInclude>
    <ClInclude Include="include\freetype\internal\internal.h">
      <Filter>头文件\freetype\internal</Filter>
    </ClInclude>
    <ClInclude Include="include\freetype\internal\psaux.h">
      <Filter>头文件\freetype\internal</Filter>
    </ClInclude>
    <ClInclude Include="include\freetype\internal\pshints.h">
      <Filter>头文件\freetype\internal</Filter>
    </ClInclude>
    <ClInclude Include="include\freetype\internal\sfnt.h">
      <Filter>头文件\freetype\internal</Filter>
    </ClInclude>
    <ClInclude Include="include\freetype\internal\t1types.h">
      <Filter>头文件\freetype\internal</Filter>
    </ClInclude>
    <ClInclude Include="include\freetype\internal\tttypes.h">
      <Filter>头文件\freetype\internal</Filter>
    </ClInclude>
    <ClInclude Include="include\freetype\config\ftconfig.h">
      <Filter>头文件\freetype\config</Filter>
    </ClInclude>
    <ClInclude Include="include\freetype\config\ftheader.h">
      <Filter>头文件\freetype\config</Filter>
    </ClInclude>
    <ClInclude Include="include\freetype\config\ftmodule.h">
      <Filter>头文件\freetype\config</Filter>
    </ClInclude>
    <ClInclude Include="include\freetype\config\ftoption.h">
      <Filter>头文件\freetype\config</Filter>
    </ClInclude>
    <ClInclude Include="include\freetype\config\ftstdlib.h">
      <Filter>头文件\freetype\config</Filter>
    </ClInclude>
    <ClInclude Include="include\freetype\freetype.h">
      <Filter>头文件\freetype</Filter>
    </ClInclude>
    <ClInclude Include="include\freetype\ftadvanc.h">
      <Filter>头文件\freetype</Filter>
    </ClInclude>
    <ClInclude Include="include\freetype\ftbbox.h">
      <Filter>头文件\freetype</Filter>
    </ClInclude>
    <ClInclude Include="include\freetype\ftbdf.h">
      <Filter>头文件\freetype</Filter>
    </ClInclude>
    <ClInclude Include="include\freetype\ftbitmap.h">
      <Filter>头文件\freetype</Filter>
    </ClInclude>
    <ClInclude Include="include\freetype\ftbzip2.h">
      <Filter>头文件\freetype</Filter>
    </ClInclude>
    <ClInclude Include="include\freetype\ftcache.h">
      <Filter>头文件\freetype</Filter>
    </ClInclude>
    <ClInclude Include="include\freetype\ftchapters.h">
      <Filter>头文件\freetype</Filter>
    </ClInclude>
    <ClInclude Include="include\freetype\ftcid.h">
      <Filter>头文件\freetype</Filter>
    </ClInclude>
    <ClInclude Include="include\freetype\fterrdef.h">
      <Filter>头文件\freetype</Filter>
    </ClInclude>
    <ClInclude Include="include\freetype\fterrors.h">
      <Filter>头文件\freetype</Filter>
    </ClInclude>
    <ClInclude Include="include\freetype\ftgasp.h">
      <Filter>头文件\freetype</Filter>
    </ClInclude>
    <ClInclude Include="include\freetype\ftglyph.h">
      <Filter>头文件\freetype</Filter>
    </ClInclude>
    <ClInclude Include="include\freetype\ftgxval.h">
      <Filter>头文件\freetype</Filter>
    </ClInclude>
    <ClInclude Include="include\freetype\ftgzip.h">
      <Filter>头文件\freetype</Filter>
    </ClInclude>
    <ClInclude Include="include\freetype\ftimage.h">
      <Filter>头文件\freetype</Filter>
    </ClInclude>
    <ClInclude Include="include\freetype\ftincrem.h">
      <Filter>头文件\freetype</Filter>
    </ClInclude>
    <ClInclude Include="include\freetype\ftlcdfil.h">
      <Filter>头文件\freetype</Filter>
    </ClInclude>
    <ClInclude Include="include\freetype\ftlist.h">
      <Filter>头文件\freetype</Filter>
    </ClInclude>
    <ClInclude Include="include\freetype\ftlzw.h">
      <Filter>头文件\freetype</Filter>
    </ClInclude>
    <ClInclude Include="include\freetype\ftmac.h">
      <Filter>头文件\freetype</Filter>
    </ClInclude>
    <ClInclude Include="include\freetype\ftmm.h">
      <Filter>头文件\freetype</Filter>
    </ClInclude>
    <ClInclude Include="include\freetype\ftmodapi.h">
      <Filter>头文件\freetype</Filter>
    </ClInclude>
    <ClInclude Include="include\freetype\ftmoderr.h">
      <Filter>头文件\freetype</Filter>
    </ClInclude>
    <ClInclude Include="include\freetype\ftotval.h">
      <Filter>头文件\freetype</Filter>
    </ClInclude>
    <ClInclude Include="include\freetype\ftoutln.h">
      <Filter>头文件\freetype</Filter>
    </ClInclude>
    <ClInclude Include="include\freetype\ftpfr.h">
      <Filter>头文件\freetype</Filter>
    </ClInclude>
    <ClInclude Include="include\freetype\ftrender.h">
      <Filter>头文件\freetype</Filter>
    </ClInclude>
    <ClInclude Include="include\freetype\ftsizes.h">
      <Filter>头文件\freetype</Filter>
    </ClInclude>
    <ClInclude Include="include\freetype\ftsnames.h">
      <Filter>头文件\freetype</Filter>
    </ClInclude>
    <ClInclude Include="include\freetype\ftstroke.h">
      <Filter>头文件\freetype</Filter>
    </ClInclude>
    <ClInclude Include="include\freetype\ftsynth.h">
      <Filter>头文件\freetype</Filter>
    </ClInclude>
    <ClInclude Include="include\freetype\ftsystem.h">
      <Filter>头文件\freetype</Filter>
    </ClInclude>
    <ClInclude Include="include\freetype\fttrigon.h">
      <Filter>头文件\freetype</Filter>
    </ClInclude>
    <ClInclude Include="include\freetype\fttypes.h">
      <Filter>头文件\freetype</Filter>
    </ClInclude>
    <ClInclude Include="include\freetype\ftwinfnt.h">
      <Filter>头文件\freetype</Filter>
    </ClInclude>
    <ClInclude Include="include\freetype\ftxf86.h">
      <Filter>头文件\freetype</Filter>
    </ClInclude>
    <ClInclude Include="include\freetype\t1tables.h">
      <Filter>头文件\freetype</Filter>
    </ClInclude>
    <ClInclude Include="include\freetype\ttnameid.h">
      <Filter>头文件\freetype</Filter>
    </ClInclude>
    <ClInclude Include="include\freetype\tttables.h">
      <Filter>头文件\freetype</Filter>
    </ClInclude>
    <ClInclude Include="include\freetype\tttags.h">
      <Filter>头文件\freetype</Filter>
    </ClInclude>
    <ClInclude Include="include\freetype\ttunpat.h">
      <Filter>头文件\freetype</Filter>
    </ClInclude>
    <ClInclude Include="include\YSLib\UI\Selector.h">
      <Filter>头文件\YSLib\UI</Filter>
    </ClInclude>
    <ClInclude Include="include\YSLib\UI\ComboList.h">
      <Filter>头文件\YSLib\UI</Filter>
    </ClInclude>
    <ClInclude Include="include\YSLib\UI\YBrush.h">
      <Filter>头文件\YSLib\UI</Filter>
    </ClInclude>
    <ClInclude Include="include\YSLib\Adaptor\Font.h">
      <Filter>头文件\YSLib\Adaptor</Filter>
    </ClInclude>
    <ClInclude Include="include\YSLib\UI\Console.h">
      <Filter>头文件\YSLib\UI</Filter>
    </ClInclude>
    <ClInclude Include="include\YCLib\Input.h">
      <Filter>头文件\YCLib</Filter>
    </ClInclude>
    <ClInclude Include="include\YCLib\Debug.h">
      <Filter>头文件\YCLib</Filter>
    </ClInclude>
    <ClInclude Include="include\Helper\DSMain.h">
      <Filter>头文件\Helper</Filter>
    </ClInclude>
    <ClInclude Include="include\Helper\Initialization.h">
      <Filter>头文件\Helper</Filter>
    </ClInclude>
    <ClInclude Include="include\Helper\ShellHelper.h">
      <Filter>头文件\Helper</Filter>
    </ClInclude>
    <ClInclude Include="include\Helper\shlds.h">
      <Filter>头文件\Helper</Filter>
    </ClInclude>
    <ClInclude Include="include\Helper\yglobal.h">
      <Filter>头文件\Helper</Filter>
    </ClInclude>
    <ClInclude Include="include\YCLib\Video.h">
      <Filter>头文件\YCLib</Filter>
    </ClInclude>
    <ClInclude Include="include\YCLib\FileSystem.h">
      <Filter>头文件\YCLib</Filter>
    </ClInclude>
    <ClInclude Include="include\YCLib\Keys.h">
      <Filter>头文件\YCLib</Filter>
    </ClInclude>
    <ClInclude Include="include\YCLib\Timer.h">
      <Filter>头文件\YCLib</Filter>
    </ClInclude>
    <ClInclude Include="include\Helper\InputManager.h">
      <Filter>头文件\Helper</Filter>
    </ClInclude>
    <ClInclude Include="include\CHRLib\MapEx.h">
      <Filter>头文件\CHRLib</Filter>
    </ClInclude>
    <ClInclude Include="include\YCLib\MemoryMapping.h">
      <Filter>头文件\YCLib</Filter>
    </ClInclude>
    <ClInclude Include="include\NPL\Lexical.h">
      <Filter>头文件\NPL</Filter>
    </ClInclude>
    <ClInclude Include="include\NPL\SContext.h">
      <Filter>头文件\NPL</Filter>
    </ClInclude>
    <ClInclude Include="include\NPL\Configuration.h">
      <Filter>头文件\NPL</Filter>
    </ClInclude>
    <ClInclude Include="include\YSLib\Core\ValueNode.h">
      <Filter>头文件\YSLib\Core</Filter>
    </ClInclude>
    <ClInclude Include="include\YSLib\UI\WidgetIteration.h">
      <Filter>头文件\YSLib\UI</Filter>
    </ClInclude>
    <ClInclude Include="source\Helper\DSScreen.h">
      <Filter>头文件\Helper</Filter>
    </ClInclude>
    <ClInclude Include="source\Helper\Host.h">
      <Filter>头文件\Helper</Filter>
    </ClInclude>
    <ClInclude Include="source\Helper\ScreenBuffer.h">
      <Filter>头文件\Helper</Filter>
    </ClInclude>
  </ItemGroup>
  <ItemGroup>
    <ClCompile Include="source\YSLib\Adaptor\ynew.cpp">
      <Filter>源文件\YSLib\Adaptor</Filter>
    </ClCompile>
    <ClCompile Include="source\YSLib\Core\yapp.cpp">
      <Filter>源文件\YSLib\Core</Filter>
    </ClCompile>
    <ClCompile Include="source\YSLib\Core\ydevice.cpp">
      <Filter>源文件\YSLib\Core</Filter>
    </ClCompile>
    <ClCompile Include="source\YSLib\Core\yexcept.cpp">
      <Filter>源文件\YSLib\Core</Filter>
    </ClCompile>
    <ClCompile Include="source\YSLib\Core\yfilesys.cpp">
      <Filter>源文件\YSLib\Core</Filter>
    </ClCompile>
    <ClCompile Include="source\YSLib\Core\yobject.cpp">
      <Filter>源文件\YSLib\Core</Filter>
    </ClCompile>
    <ClCompile Include="source\YSLib\Core\yshell.cpp">
      <Filter>源文件\YSLib\Core</Filter>
    </ClCompile>
    <ClCompile Include="source\YSLib\Core\ystring.cpp">
      <Filter>源文件\YSLib\Core</Filter>
    </ClCompile>
    <ClCompile Include="source\YSLib\Service\ytimer.cpp">
      <Filter>源文件\YSLib\Service</Filter>
    </ClCompile>
    <ClCompile Include="source\YSLib\Service\yfile.cpp">
      <Filter>源文件\YSLib\Service</Filter>
    </ClCompile>
    <ClCompile Include="source\YSLib\Service\yftext.cpp">
      <Filter>源文件\YSLib\Service</Filter>
    </ClCompile>
    <ClCompile Include="source\YSLib\Core\ygdibase.cpp">
      <Filter>源文件\YSLib\Core</Filter>
    </ClCompile>
    <ClCompile Include="source\YSLib\UI\button.cpp">
      <Filter>源文件\YSLib\UI</Filter>
    </ClCompile>
    <ClCompile Include="source\YSLib\UI\form.cpp">
      <Filter>源文件\YSLib\UI</Filter>
    </ClCompile>
    <ClCompile Include="source\YSLib\UI\scroll.cpp">
      <Filter>源文件\YSLib\UI</Filter>
    </ClCompile>
    <ClCompile Include="source\YSLib\UI\uicontx.cpp">
      <Filter>源文件\YSLib\UI</Filter>
    </ClCompile>
    <ClCompile Include="source\YSLib\UI\ycontrol.cpp">
      <Filter>源文件\YSLib\UI</Filter>
    </ClCompile>
    <ClCompile Include="source\YSLib\UI\ydesktop.cpp">
      <Filter>源文件\YSLib\UI</Filter>
    </ClCompile>
    <ClCompile Include="source\YSLib\UI\ygui.cpp">
      <Filter>源文件\YSLib\UI</Filter>
    </ClCompile>
    <ClCompile Include="source\YSLib\UI\ystyle.cpp">
      <Filter>源文件\YSLib\UI</Filter>
    </ClCompile>
    <ClCompile Include="source\YSLib\UI\yuicont.cpp">
      <Filter>源文件\YSLib\UI</Filter>
    </ClCompile>
    <ClCompile Include="source\YSLib\UI\ywidget.cpp">
      <Filter>源文件\YSLib\UI</Filter>
    </ClCompile>
    <ClCompile Include="source\YSLib\UI\ywindow.cpp">
      <Filter>源文件\YSLib\UI</Filter>
    </ClCompile>
    <ClCompile Include="source\YSLib\Service\textmgr.cpp">
      <Filter>源文件\YSLib\Service</Filter>
    </ClCompile>
    <ClCompile Include="source\YSLib\UI\menu.cpp">
      <Filter>源文件\YSLib\UI</Filter>
    </ClCompile>
    <ClCompile Include="source\YSLib\UI\textlist.cpp">
      <Filter>源文件\YSLib\UI</Filter>
    </ClCompile>
    <ClCompile Include="source\YSLib\Core\ymsg.cpp">
      <Filter>源文件\YSLib\Core</Filter>
    </ClCompile>
    <ClCompile Include="source\YSLib\Service\ygdi.cpp">
      <Filter>源文件\YSLib\Service</Filter>
    </ClCompile>
    <ClCompile Include="source\YSLib\Service\yres.cpp">
      <Filter>源文件\YSLib\Service</Filter>
    </ClCompile>
    <ClCompile Include="source\YSLib\Service\yblit.cpp">
      <Filter>源文件\YSLib\Service</Filter>
    </ClCompile>
    <ClCompile Include="source\YSLib\Service\ydraw.cpp">
      <Filter>源文件\YSLib\Service</Filter>
    </ClCompile>
    <ClCompile Include="source\YSLib\UI\progress.cpp">
      <Filter>源文件\YSLib\UI</Filter>
    </ClCompile>
    <ClCompile Include="source\YSLib\UI\label.cpp">
      <Filter>源文件\YSLib\UI</Filter>
    </ClCompile>
    <ClCompile Include="source\YSLib\UI\textarea.cpp">
      <Filter>源文件\YSLib\UI</Filter>
    </ClCompile>
    <ClCompile Include="source\YSLib\UI\yrender.cpp">
      <Filter>源文件\YSLib\UI</Filter>
    </ClCompile>
    <ClCompile Include="source\YCLib\ycommon.cpp">
      <Filter>源文件\YCLib</Filter>
    </ClCompile>
    <ClCompile Include="source\CHRLib\chrmap.cpp">
      <Filter>源文件\CHRLib</Filter>
    </ClCompile>
    <ClCompile Include="source\CHRLib\chrproc.cpp">
      <Filter>源文件\CHRLib</Filter>
    </ClCompile>
    <ClCompile Include="source\YSLib\UI\ywgtview.cpp">
      <Filter>源文件\YSLib\UI</Filter>
    </ClCompile>
    <ClCompile Include="source\YSLib\UI\yfocus.cpp">
      <Filter>源文件\YSLib\UI</Filter>
    </ClCompile>
    <ClCompile Include="source\YSLib\UI\ypanel.cpp">
      <Filter>源文件\YSLib\UI</Filter>
    </ClCompile>
    <ClCompile Include="source\YSLib\Service\CharRenderer.cpp">
      <Filter>源文件\YSLib\Service</Filter>
    </ClCompile>
    <ClCompile Include="source\YSLib\Service\TextBase.cpp">
      <Filter>源文件\YSLib\Service</Filter>
    </ClCompile>
    <ClCompile Include="source\YSLib\Service\TextLayout.cpp">
      <Filter>源文件\YSLib\Service</Filter>
    </ClCompile>
    <ClCompile Include="source\YSLib\Service\TextRenderer.cpp">
      <Filter>源文件\YSLib\Service</Filter>
    </ClCompile>
    <ClCompile Include="source\YSLib\UI\Selector.cpp">
      <Filter>源文件\YSLib\UI</Filter>
    </ClCompile>
    <ClCompile Include="source\YSLib\UI\ComboList.cpp">
      <Filter>源文件\YSLib\UI</Filter>
    </ClCompile>
    <ClCompile Include="source\YSLib\UI\ywgtevt.cpp">
      <Filter>源文件\YSLib\UI</Filter>
    </ClCompile>
    <ClCompile Include="source\YSLib\UI\YBrush.cpp">
      <Filter>源文件\YSLib\UI</Filter>
    </ClCompile>
    <ClCompile Include="source\YSLib\Adaptor\Font.cpp">
      <Filter>源文件\YSLib\Adaptor</Filter>
    </ClCompile>
    <ClCompile Include="source\YSLib\UI\Console.cpp">
      <Filter>源文件\YSLib\UI</Filter>
    </ClCompile>
    <ClCompile Include="source\YCLib\NativeAPI.cpp">
      <Filter>源文件\YCLib</Filter>
    </ClCompile>
    <ClCompile Include="source\YCLib\Input.cpp">
      <Filter>源文件\YCLib</Filter>
    </ClCompile>
    <ClCompile Include="source\YCLib\Debug.cpp">
      <Filter>源文件\YCLib</Filter>
    </ClCompile>
    <ClCompile Include="source\Helper\DSMain.cpp">
      <Filter>源文件\Helper</Filter>
    </ClCompile>
    <ClCompile Include="source\Helper\Initialization.cpp">
      <Filter>源文件\Helper</Filter>
    </ClCompile>
    <ClCompile Include="source\Helper\ShellHelper.cpp">
      <Filter>源文件\Helper</Filter>
    </ClCompile>
    <ClCompile Include="source\Helper\shlds.cpp">
      <Filter>源文件\Helper</Filter>
    </ClCompile>
    <ClCompile Include="source\Helper\yglobal.cpp">
      <Filter>源文件\Helper</Filter>
    </ClCompile>
    <ClCompile Include="source\YCLib\Video.cpp">
      <Filter>源文件\YCLib</Filter>
    </ClCompile>
    <ClCompile Include="source\YCLib\FileSystem.cpp">
      <Filter>源文件\YCLib</Filter>
    </ClCompile>
    <ClCompile Include="source\YCLib\Keys.cpp">
      <Filter>源文件\YCLib</Filter>
    </ClCompile>
    <ClCompile Include="source\YCLib\Timer.cpp">
      <Filter>源文件\YCLib</Filter>
    </ClCompile>
    <ClCompile Include="source\Helper\InputManager.cpp">
      <Filter>源文件\Helper</Filter>
    </ClCompile>
    <ClCompile Include="source\CHRLib\MapEx.cpp">
      <Filter>源文件\CHRLib</Filter>
    </ClCompile>
    <ClCompile Include="source\YCLib\MemoryMapping.cpp">
      <Filter>源文件\YCLib</Filter>
    </ClCompile>
    <ClCompile Include="..\doc\ex.cpp">
      <Filter>文档</Filter>
    </ClCompile>
    <ClCompile Include="source\NPL\Lexical.cpp">
      <Filter>源文件\NPL</Filter>
    </ClCompile>
    <ClCompile Include="source\NPL\SContext.cpp">
      <Filter>源文件\NPL</Filter>
    </ClCompile>
    <ClCompile Include="source\NPL\Configuration.cpp">
      <Filter>源文件\NPL</Filter>
    </ClCompile>
    <ClCompile Include="source\YSLib\Core\ValueNode.cpp">
      <Filter>源文件\YSLib\Core</Filter>
    </ClCompile>
    <ClCompile Include="source\Helper\DSScreen.cpp">
      <Filter>源文件\Helper</Filter>
    </ClCompile>
    <ClCompile Include="source\Helper\Host.cpp">
      <Filter>源文件\Helper</Filter>
    </ClCompile>
    <ClCompile Include="source\Helper\ScreenBuffer.cpp">
      <Filter>源文件\Helper</Filter>
    </ClCompile>
  </ItemGroup>
</Project>