<?xml version="1.0" encoding="utf-8"?>
<Project ToolsVersion="4.0" xmlns="http://schemas.microsoft.com/developer/msbuild/2003">
  <ItemGroup>
    <Filter Include="data">
      <UniqueIdentifier>{67DA6AB6-F800-4c08-8B7A-83BB121AAD01}</UniqueIdentifier>
      <Extensions>
      </Extensions>
    </Filter>
    <Filter Include="include">
      <UniqueIdentifier>{53495380-84BD-4b04-88EB-98C672A2EBFB}</UniqueIdentifier>
      <Extensions>
      </Extensions>
    </Filter>
    <Filter Include="include\YSLib">
      <UniqueIdentifier>{fbb995fa-dfe1-4f20-99ac-8f01e13a54ba}</UniqueIdentifier>
      <Extensions>
      </Extensions>
    </Filter>
    <Filter Include="include\YSLib\Core">
      <UniqueIdentifier>{bd4a3a95-5fe7-4471-9093-a76228bc5a0c}</UniqueIdentifier>
      <Extensions>h;hpp;hxx;hm;inl;inc;xsd</Extensions>
    </Filter>
    <Filter Include="include\YSLib\UI">
      <UniqueIdentifier>{96f99953-d257-4ce9-8830-18e0a9ef269e}</UniqueIdentifier>
      <Extensions>h;hpp;hxx;hm;inl;inc;xsd</Extensions>
    </Filter>
    <Filter Include="include\YSLib\Service">
      <UniqueIdentifier>{d887d565-3b62-45a1-8ea5-d5ef0a4ce41d}</UniqueIdentifier>
      <Extensions>h;hpp;hxx;hm;inl;inc;xsd</Extensions>
    </Filter>
    <Filter Include="include\YSLib\Adaptor">
      <UniqueIdentifier>{88a70fc5-239e-4e2b-802c-dad41bd268c6}</UniqueIdentifier>
      <Extensions>h;hpp;hxx;hm;inl;inc;xsd</Extensions>
    </Filter>
    <Filter Include="include\YCLib">
      <UniqueIdentifier>{8d979eb9-454f-483b-86bc-543f75ec9764}</UniqueIdentifier>
      <Extensions>
      </Extensions>
    </Filter>
    <Filter Include="include\CHRLib">
      <UniqueIdentifier>{94d4b407-2e4f-4adf-80a2-5c6ff181f1db}</UniqueIdentifier>
      <Extensions>
      </Extensions>
    </Filter>
    <Filter Include="include\Helper">
      <UniqueIdentifier>{cb17b9c9-4f0f-497c-9ada-56b9b2788d70}</UniqueIdentifier>
      <Extensions>
      </Extensions>
    </Filter>
    <Filter Include="include\NPL">
      <UniqueIdentifier>{be67399b-785e-40b9-94e5-56c0c67fa0fc}</UniqueIdentifier>
      <Extensions>
      </Extensions>
    </Filter>
    <Filter Include="include\3rdparty">
      <UniqueIdentifier>{886688ed-7933-4fbe-9b53-3a0c2eaae798}</UniqueIdentifier>
      <Extensions>
      </Extensions>
    </Filter>
    <Filter Include="include\3rdparty\freetype">
      <UniqueIdentifier>{e84ea4d1-fce8-4bb2-ac44-79d5a2876533}</UniqueIdentifier>
      <Extensions>
      </Extensions>
    </Filter>
    <Filter Include="doc">
      <UniqueIdentifier>{13193de8-2c62-4701-b8d9-520168a94ed9}</UniqueIdentifier>
      <Extensions>
      </Extensions>
      <ParseFiles>false</ParseFiles>
    </Filter>
    <Filter Include="doc\vsd">
      <UniqueIdentifier>{c160437d-5ba1-4570-8711-6444f363e3e9}</UniqueIdentifier>
      <Extensions>vsd</Extensions>
      <ParseFiles>false</ParseFiles>
    </Filter>
    <Filter Include="source">
      <UniqueIdentifier>{4FC737F1-C7A5-4376-A066-2A32D752A2FF}</UniqueIdentifier>
      <Extensions>
      </Extensions>
    </Filter>
    <Filter Include="source\YSLib">
      <UniqueIdentifier>{f3275f4a-7c35-4f37-9e01-2a72fdf5a481}</UniqueIdentifier>
      <Extensions>
      </Extensions>
    </Filter>
    <Filter Include="source\YSLib\Adaptor">
      <UniqueIdentifier>{601e8484-d8c2-4306-bc57-a8d4bd31d7d4}</UniqueIdentifier>
      <Extensions>cpp;c;cc;cxx;def;odl;idl;hpj;bat;asm;asmx</Extensions>
    </Filter>
    <Filter Include="source\YSLib\Core">
      <UniqueIdentifier>{ff96e32d-5490-430c-8ca1-170ec27e1627}</UniqueIdentifier>
      <Extensions>cpp;c;cc;cxx;def;odl;idl;hpj;bat;asm;asmx</Extensions>
    </Filter>
    <Filter Include="source\YSLib\UI">
      <UniqueIdentifier>{f7dc25e0-202c-4b9e-81d7-9c65aec7ed34}</UniqueIdentifier>
      <Extensions>cpp;c;cc;cxx;def;odl;idl;hpj;bat;asm;asmx</Extensions>
    </Filter>
    <Filter Include="source\YSLib\Service">
      <UniqueIdentifier>{b96801fe-820c-41af-aace-65b79a972730}</UniqueIdentifier>
      <Extensions>cpp;c;cc;cxx;def;odl;idl;hpj;bat;asm;asmx</Extensions>
    </Filter>
    <Filter Include="source\YCLib">
      <UniqueIdentifier>{d6aaf15b-8e32-4c50-94e9-3b1d5604a6c2}</UniqueIdentifier>
      <Extensions>
      </Extensions>
    </Filter>
    <Filter Include="source\CHRLib">
      <UniqueIdentifier>{a0ebed6b-5c50-424a-a9bb-ed2e4a92369a}</UniqueIdentifier>
      <Extensions>
      </Extensions>
    </Filter>
    <Filter Include="source\NPL">
      <UniqueIdentifier>{78451625-4364-4518-a397-7a6c95f61a4a}</UniqueIdentifier>
      <Extensions>
      </Extensions>
    </Filter>
    <Filter Include="source\Helper">
      <UniqueIdentifier>{843bf63d-ae86-4b31-883d-e7f4e05e5481}</UniqueIdentifier>
    </Filter>
    <Filter Include="include\3rdparty\freetype\config">
      <UniqueIdentifier>{913cab65-ebc0-4868-bb15-2ead85e739be}</UniqueIdentifier>
    </Filter>
    <Filter Include="include\3rdparty\freetype\internal">
      <UniqueIdentifier>{67f6f318-ae17-4637-a90d-1f53a59d4ca2}</UniqueIdentifier>
    </Filter>
    <Filter Include="include\3rdparty\freetype\internal\services">
      <UniqueIdentifier>{2e8d283b-d3e7-4e91-8ad1-0684e8a83950}</UniqueIdentifier>
    </Filter>
  </ItemGroup>
  <ItemGroup>
    <None Include="..\doc\CHRLib.txt">
      <Filter>doc</Filter>
    </None>
    <None Include="..\doc\CommonRules.txt">
      <Filter>doc</Filter>
    </None>
    <None Include="..\doc\Definitions.txt">
      <Filter>doc</Filter>
    </None>
    <None Include="..\doc\Designation.txt">
      <Filter>doc</Filter>
    </None>
    <None Include="..\doc\YSLib.txt">
      <Filter>doc</Filter>
    </None>
    <None Include="..\doc\vsd\YFramework.vsd">
      <Filter>doc\vsd</Filter>
    </None>
    <None Include="..\doc\ProjectRules.txt">
      <Filter>doc</Filter>
    </None>
    <None Include="..\doc\ChangeLog.PreAlpha1.txt">
      <Filter>doc</Filter>
    </None>
    <None Include="..\doc\ChangeLog.PreAlpha2.txt">
      <Filter>doc</Filter>
    </None>
    <None Include="..\doc\ChangeLog.PreAlpha3.txt">
      <Filter>doc</Filter>
    </None>
    <None Include="..\doc\Meta.txt">
      <Filter>doc</Filter>
    </None>
  </ItemGroup>
  <ItemGroup>
    <ClInclude Include="include\YSLib\Adaptor\config.h">
      <Filter>include\YSLib\Adaptor</Filter>
    </ClInclude>
    <ClInclude Include="include\YSLib\Adaptor\yadaptor.h">
      <Filter>include\YSLib\Adaptor</Filter>
    </ClInclude>
    <ClInclude Include="include\YSLib\Adaptor\ynew.h">
      <Filter>include\YSLib\Adaptor</Filter>
    </ClInclude>
    <ClInclude Include="include\YSLib\Adaptor\yref.hpp">
      <Filter>include\YSLib\Adaptor</Filter>
    </ClInclude>
    <ClInclude Include="include\YSLib\Core\yapp.h">
      <Filter>include\YSLib\Core</Filter>
    </ClInclude>
    <ClInclude Include="include\YSLib\Core\ycounter.hpp">
      <Filter>include\YSLib\Core</Filter>
    </ClInclude>
    <ClInclude Include="include\YSLib\Core\ydevice.h">
      <Filter>include\YSLib\Core</Filter>
    </ClInclude>
    <ClInclude Include="include\YSLib\Core\yevt.hpp">
      <Filter>include\YSLib\Core</Filter>
    </ClInclude>
    <ClInclude Include="include\YSLib\Core\yexcept.h">
      <Filter>include\YSLib\Core</Filter>
    </ClInclude>
    <ClInclude Include="include\YSLib\Core\yfunc.hpp">
      <Filter>include\YSLib\Core</Filter>
    </ClInclude>
    <ClInclude Include="include\YSLib\Core\yobject.h">
      <Filter>include\YSLib\Core</Filter>
    </ClInclude>
    <ClInclude Include="include\YSLib\Core\ysdef.h">
      <Filter>include\YSLib\Core</Filter>
    </ClInclude>
    <ClInclude Include="include\YSLib\Core\yshell.h">
      <Filter>include\YSLib\Core</Filter>
    </ClInclude>
    <ClInclude Include="include\YSLib\Core\ystring.h">
      <Filter>include\YSLib\Core</Filter>
    </ClInclude>
    <ClInclude Include="include\YSLib\Service\ytimer.h">
      <Filter>include\YSLib\Service</Filter>
    </ClInclude>
    <ClInclude Include="include\ysbuild.h">
      <Filter>include</Filter>
    </ClInclude>
    <ClInclude Include="include\YSLib\Core\ygdibase.h">
      <Filter>include\YSLib\Core</Filter>
    </ClInclude>
    <ClInclude Include="include\YSLib\UI\button.h">
      <Filter>include\YSLib\UI</Filter>
    </ClInclude>
    <ClInclude Include="include\YSLib\UI\form.h">
      <Filter>include\YSLib\UI</Filter>
    </ClInclude>
    <ClInclude Include="include\YSLib\UI\scroll.h">
      <Filter>include\YSLib\UI</Filter>
    </ClInclude>
    <ClInclude Include="include\YSLib\UI\uicontx.h">
      <Filter>include\YSLib\UI</Filter>
    </ClInclude>
    <ClInclude Include="include\YSLib\UI\ycontrol.h">
      <Filter>include\YSLib\UI</Filter>
    </ClInclude>
    <ClInclude Include="include\YSLib\UI\ydesktop.h">
      <Filter>include\YSLib\UI</Filter>
    </ClInclude>
    <ClInclude Include="include\YSLib\UI\ygui.h">
      <Filter>include\YSLib\UI</Filter>
    </ClInclude>
    <ClInclude Include="include\YSLib\UI\ystyle.h">
      <Filter>include\YSLib\UI</Filter>
    </ClInclude>
    <ClInclude Include="include\YSLib\UI\yuicont.h">
      <Filter>include\YSLib\UI</Filter>
    </ClInclude>
    <ClInclude Include="include\YSLib\UI\ywidget.h">
      <Filter>include\YSLib\UI</Filter>
    </ClInclude>
    <ClInclude Include="include\YSLib\UI\ywindow.h">
      <Filter>include\YSLib\UI</Filter>
    </ClInclude>
    <ClInclude Include="include\YSLib\Service\textmgr.h">
      <Filter>include\YSLib\Service</Filter>
    </ClInclude>
    <ClInclude Include="include\YSLib\UI\menu.h">
      <Filter>include\YSLib\UI</Filter>
    </ClInclude>
    <ClInclude Include="include\YSLib\UI\ListControl.h">
      <Filter>include\YSLib\UI</Filter>
    </ClInclude>
    <ClInclude Include="include\YSLib\Core\ymsgdef.h">
      <Filter>include\YSLib\Core</Filter>
    </ClInclude>
    <ClInclude Include="include\YSLib\Core\ymsg.h">
      <Filter>include\YSLib\Core</Filter>
    </ClInclude>
    <ClInclude Include="include\YSLib\Service\ygdi.h">
      <Filter>include\YSLib\Service</Filter>
    </ClInclude>
    <ClInclude Include="include\YSLib\Service\yres.h">
      <Filter>include\YSLib\Service</Filter>
    </ClInclude>
    <ClInclude Include="include\YSLib\Service\yblit.h">
      <Filter>include\YSLib\Service</Filter>
    </ClInclude>
    <ClInclude Include="include\YSLib\Service\ydraw.h">
      <Filter>include\YSLib\Service</Filter>
    </ClInclude>
    <ClInclude Include="include\YSLib\Service\YPixel.h">
      <Filter>include\YSLib\Service</Filter>
    </ClInclude>
    <ClInclude Include="include\YSLib\UI\progress.h">
      <Filter>include\YSLib\UI</Filter>
    </ClInclude>
    <ClInclude Include="include\YSLib\UI\label.h">
      <Filter>include\YSLib\UI</Filter>
    </ClInclude>
    <ClInclude Include="include\YSLib\UI\textarea.h">
      <Filter>include\YSLib\UI</Filter>
    </ClInclude>
    <ClInclude Include="include\YSLib\UI\yrender.h">
      <Filter>include\YSLib\UI</Filter>
    </ClInclude>
    <ClInclude Include="include\YSLib\UI\ywgtevt.h">
      <Filter>include\YSLib\UI</Filter>
    </ClInclude>
    <ClInclude Include="include\YSLib\Core\ystorage.hpp">
      <Filter>include\YSLib\Core</Filter>
    </ClInclude>
    <ClInclude Include="include\CHRLib\chrdef.h">
      <Filter>include\CHRLib</Filter>
    </ClInclude>
    <ClInclude Include="include\CHRLib\chrmap.h">
      <Filter>include\CHRLib</Filter>
    </ClInclude>
    <ClInclude Include="include\CHRLib\chrproc.h">
      <Filter>include\CHRLib</Filter>
    </ClInclude>
    <ClInclude Include="include\CHRLib\encoding.h">
      <Filter>include\CHRLib</Filter>
    </ClInclude>
    <ClInclude Include="include\CHRLib\smap.hpp">
      <Filter>include\CHRLib</Filter>
    </ClInclude>
    <ClInclude Include="include\YCLib\ycommon.h">
      <Filter>include\YCLib</Filter>
    </ClInclude>
    <ClInclude Include="include\YSLib\UI\ywgtview.h">
      <Filter>include\YSLib\UI</Filter>
    </ClInclude>
    <ClInclude Include="include\YSLib\Adaptor\ycont.h">
      <Filter>include\YSLib\Adaptor</Filter>
    </ClInclude>
    <ClInclude Include="include\YSLib\UI\yfocus.h">
      <Filter>include\YSLib\UI</Filter>
    </ClInclude>
    <ClInclude Include="include\YSLib\UI\ypanel.h">
      <Filter>include\YSLib\UI</Filter>
    </ClInclude>
    <ClInclude Include="include\YSLib\Service\CharRenderer.h">
      <Filter>include\YSLib\Service</Filter>
    </ClInclude>
    <ClInclude Include="include\YSLib\Service\TextBase.h">
      <Filter>include\YSLib\Service</Filter>
    </ClInclude>
    <ClInclude Include="include\YSLib\Service\TextLayout.h">
      <Filter>include\YSLib\Service</Filter>
    </ClInclude>
    <ClInclude Include="include\YSLib\Service\TextRenderer.h">
      <Filter>include\YSLib\Service</Filter>
    </ClInclude>
    <ClInclude Include="include\YCLib\NativeAPI.h">
      <Filter>include\YCLib</Filter>
    </ClInclude>
    <ClInclude Include="include\YCLib\Platform.h">
      <Filter>include\YCLib</Filter>
    </ClInclude>
    <ClInclude Include="include\YSLib\UI\Selector.h">
      <Filter>include\YSLib\UI</Filter>
    </ClInclude>
    <ClInclude Include="include\YSLib\UI\ComboList.h">
      <Filter>include\YSLib\UI</Filter>
    </ClInclude>
    <ClInclude Include="include\YSLib\UI\YBrush.h">
      <Filter>include\YSLib\UI</Filter>
    </ClInclude>
    <ClInclude Include="include\YSLib\Adaptor\Font.h">
      <Filter>include\YSLib\Adaptor</Filter>
    </ClInclude>
    <ClInclude Include="include\YSLib\UI\Console.h">
      <Filter>include\YSLib\UI</Filter>
    </ClInclude>
    <ClInclude Include="include\YCLib\Input.h">
      <Filter>include\YCLib</Filter>
    </ClInclude>
    <ClInclude Include="include\YCLib\Debug.h">
      <Filter>include\YCLib</Filter>
    </ClInclude>
    <ClInclude Include="include\YCLib\Video.h">
      <Filter>include\YCLib</Filter>
    </ClInclude>
    <ClInclude Include="include\YCLib\FileSystem.h">
      <Filter>include\YCLib</Filter>
    </ClInclude>
    <ClInclude Include="include\YCLib\Keys.h">
      <Filter>include\YCLib</Filter>
    </ClInclude>
    <ClInclude Include="include\YCLib\Timer.h">
      <Filter>include\YCLib</Filter>
    </ClInclude>
    <ClInclude Include="include\CHRLib\MapEx.h">
      <Filter>include\CHRLib</Filter>
    </ClInclude>
    <ClInclude Include="include\YCLib\MemoryMapping.h">
      <Filter>include\YCLib</Filter>
    </ClInclude>
    <ClInclude Include="include\NPL\Lexical.h">
      <Filter>include\NPL</Filter>
    </ClInclude>
    <ClInclude Include="include\NPL\SContext.h">
      <Filter>include\NPL</Filter>
    </ClInclude>
    <ClInclude Include="include\NPL\Configuration.h">
      <Filter>include\NPL</Filter>
    </ClInclude>
    <ClInclude Include="include\YSLib\Core\ValueNode.h">
      <Filter>include\YSLib\Core</Filter>
    </ClInclude>
    <ClInclude Include="include\YSLib\UI\WidgetIteration.h">
      <Filter>include\YSLib\UI</Filter>
    </ClInclude>
    <ClInclude Include="..\3rdparty\include\freetype.h">
      <Filter>include\3rdparty\freetype</Filter>
    </ClInclude>
    <ClInclude Include="..\3rdparty\include\ftadvanc.h">
      <Filter>include\3rdparty\freetype</Filter>
    </ClInclude>
    <ClInclude Include="..\3rdparty\include\ftautoh.h">
      <Filter>include\3rdparty\freetype</Filter>
    </ClInclude>
    <ClInclude Include="..\3rdparty\include\ftbbox.h">
      <Filter>include\3rdparty\freetype</Filter>
    </ClInclude>
    <ClInclude Include="..\3rdparty\include\ftbdf.h">
      <Filter>include\3rdparty\freetype</Filter>
    </ClInclude>
    <ClInclude Include="..\3rdparty\include\ftbitmap.h">
      <Filter>include\3rdparty\freetype</Filter>
    </ClInclude>
    <ClInclude Include="..\3rdparty\include\ftbzip2.h">
      <Filter>include\3rdparty\freetype</Filter>
    </ClInclude>
    <ClInclude Include="..\3rdparty\include\ftcache.h">
      <Filter>include\3rdparty\freetype</Filter>
    </ClInclude>
    <ClInclude Include="..\3rdparty\include\ftchapters.h">
      <Filter>include\3rdparty\freetype</Filter>
    </ClInclude>
    <ClInclude Include="..\3rdparty\include\ftcid.h">
      <Filter>include\3rdparty\freetype</Filter>
    </ClInclude>
    <ClInclude Include="..\3rdparty\include\fterrdef.h">
      <Filter>include\3rdparty\freetype</Filter>
    </ClInclude>
    <ClInclude Include="..\3rdparty\include\fterrors.h">
      <Filter>include\3rdparty\freetype</Filter>
    </ClInclude>
    <ClInclude Include="..\3rdparty\include\ftgasp.h">
      <Filter>include\3rdparty\freetype</Filter>
    </ClInclude>
    <ClInclude Include="..\3rdparty\include\ftglyph.h">
      <Filter>include\3rdparty\freetype</Filter>
    </ClInclude>
    <ClInclude Include="..\3rdparty\include\ftgxval.h">
      <Filter>include\3rdparty\freetype</Filter>
    </ClInclude>
    <ClInclude Include="..\3rdparty\include\ftgzip.h">
      <Filter>include\3rdparty\freetype</Filter>
    </ClInclude>
    <ClInclude Include="..\3rdparty\include\ftimage.h">
      <Filter>include\3rdparty\freetype</Filter>
    </ClInclude>
    <ClInclude Include="..\3rdparty\include\ftincrem.h">
      <Filter>include\3rdparty\freetype</Filter>
    </ClInclude>
    <ClInclude Include="..\3rdparty\include\ftlcdfil.h">
      <Filter>include\3rdparty\freetype</Filter>
    </ClInclude>
    <ClInclude Include="..\3rdparty\include\ftlist.h">
      <Filter>include\3rdparty\freetype</Filter>
    </ClInclude>
    <ClInclude Include="..\3rdparty\include\ftlzw.h">
      <Filter>include\3rdparty\freetype</Filter>
    </ClInclude>
    <ClInclude Include="..\3rdparty\include\ftmac.h">
      <Filter>include\3rdparty\freetype</Filter>
    </ClInclude>
    <ClInclude Include="..\3rdparty\include\ftmm.h">
      <Filter>include\3rdparty\freetype</Filter>
    </ClInclude>
    <ClInclude Include="..\3rdparty\include\ftmodapi.h">
      <Filter>include\3rdparty\freetype</Filter>
    </ClInclude>
    <ClInclude Include="..\3rdparty\include\ftmoderr.h">
      <Filter>include\3rdparty\freetype</Filter>
    </ClInclude>
    <ClInclude Include="..\3rdparty\include\ftotval.h">
      <Filter>include\3rdparty\freetype</Filter>
    </ClInclude>
    <ClInclude Include="..\3rdparty\include\ftoutln.h">
      <Filter>include\3rdparty\freetype</Filter>
    </ClInclude>
    <ClInclude Include="..\3rdparty\include\ftpfr.h">
      <Filter>include\3rdparty\freetype</Filter>
    </ClInclude>
    <ClInclude Include="..\3rdparty\include\ftrender.h">
      <Filter>include\3rdparty\freetype</Filter>
    </ClInclude>
    <ClInclude Include="..\3rdparty\include\ftsizes.h">
      <Filter>include\3rdparty\freetype</Filter>
    </ClInclude>
    <ClInclude Include="..\3rdparty\include\ftsnames.h">
      <Filter>include\3rdparty\freetype</Filter>
    </ClInclude>
    <ClInclude Include="..\3rdparty\include\ftstroke.h">
      <Filter>include\3rdparty\freetype</Filter>
    </ClInclude>
    <ClInclude Include="..\3rdparty\include\ftsynth.h">
      <Filter>include\3rdparty\freetype</Filter>
    </ClInclude>
    <ClInclude Include="..\3rdparty\include\ftsystem.h">
      <Filter>include\3rdparty\freetype</Filter>
    </ClInclude>
    <ClInclude Include="..\3rdparty\include\fttrigon.h">
      <Filter>include\3rdparty\freetype</Filter>
    </ClInclude>
    <ClInclude Include="..\3rdparty\include\fttypes.h">
      <Filter>include\3rdparty\freetype</Filter>
    </ClInclude>
    <ClInclude Include="..\3rdparty\include\ftwinfnt.h">
      <Filter>include\3rdparty\freetype</Filter>
    </ClInclude>
    <ClInclude Include="..\3rdparty\include\ftxf86.h">
      <Filter>include\3rdparty\freetype</Filter>
    </ClInclude>
    <ClInclude Include="..\3rdparty\include\t1tables.h">
      <Filter>include\3rdparty\freetype</Filter>
    </ClInclude>
    <ClInclude Include="..\3rdparty\include\ttnameid.h">
      <Filter>include\3rdparty\freetype</Filter>
    </ClInclude>
    <ClInclude Include="..\3rdparty\include\tttables.h">
      <Filter>include\3rdparty\freetype</Filter>
    </ClInclude>
    <ClInclude Include="..\3rdparty\include\tttags.h">
      <Filter>include\3rdparty\freetype</Filter>
    </ClInclude>
    <ClInclude Include="..\3rdparty\include\ttunpat.h">
      <Filter>include\3rdparty\freetype</Filter>
    </ClInclude>
    <ClInclude Include="..\3rdparty\include\config\ftconfig.h">
      <Filter>include\3rdparty\freetype\config</Filter>
    </ClInclude>
    <ClInclude Include="..\3rdparty\include\config\ftheader.h">
      <Filter>include\3rdparty\freetype\config</Filter>
    </ClInclude>
    <ClInclude Include="..\3rdparty\include\config\ftmodule.h">
      <Filter>include\3rdparty\freetype\config</Filter>
    </ClInclude>
    <ClInclude Include="..\3rdparty\include\config\ftoption.h">
      <Filter>include\3rdparty\freetype\config</Filter>
    </ClInclude>
    <ClInclude Include="..\3rdparty\include\config\ftstdlib.h">
      <Filter>include\3rdparty\freetype\config</Filter>
    </ClInclude>
    <ClInclude Include="..\3rdparty\include\internal\autohint.h">
      <Filter>include\3rdparty\freetype\internal</Filter>
    </ClInclude>
    <ClInclude Include="..\3rdparty\include\internal\ftcalc.h">
      <Filter>include\3rdparty\freetype\internal</Filter>
    </ClInclude>
    <ClInclude Include="..\3rdparty\include\internal\ftdebug.h">
      <Filter>include\3rdparty\freetype\internal</Filter>
    </ClInclude>
    <ClInclude Include="..\3rdparty\include\internal\ftdriver.h">
      <Filter>include\3rdparty\freetype\internal</Filter>
    </ClInclude>
    <ClInclude Include="..\3rdparty\include\internal\ftgloadr.h">
      <Filter>include\3rdparty\freetype\internal</Filter>
    </ClInclude>
    <ClInclude Include="..\3rdparty\include\internal\ftmemory.h">
      <Filter>include\3rdparty\freetype\internal</Filter>
    </ClInclude>
    <ClInclude Include="..\3rdparty\include\internal\ftobjs.h">
      <Filter>include\3rdparty\freetype\internal</Filter>
    </ClInclude>
    <ClInclude Include="..\3rdparty\include\internal\ftpic.h">
      <Filter>include\3rdparty\freetype\internal</Filter>
    </ClInclude>
    <ClInclude Include="..\3rdparty\include\internal\ftrfork.h">
      <Filter>include\3rdparty\freetype\internal</Filter>
    </ClInclude>
    <ClInclude Include="..\3rdparty\include\internal\ftserv.h">
      <Filter>include\3rdparty\freetype\internal</Filter>
    </ClInclude>
    <ClInclude Include="..\3rdparty\include\internal\ftstream.h">
      <Filter>include\3rdparty\freetype\internal</Filter>
    </ClInclude>
    <ClInclude Include="..\3rdparty\include\internal\fttrace.h">
      <Filter>include\3rdparty\freetype\internal</Filter>
    </ClInclude>
    <ClInclude Include="..\3rdparty\include\internal\ftvalid.h">
      <Filter>include\3rdparty\freetype\internal</Filter>
    </ClInclude>
    <ClInclude Include="..\3rdparty\include\internal\internal.h">
      <Filter>include\3rdparty\freetype\internal</Filter>
    </ClInclude>
    <ClInclude Include="..\3rdparty\include\internal\psaux.h">
      <Filter>include\3rdparty\freetype\internal</Filter>
    </ClInclude>
    <ClInclude Include="..\3rdparty\include\internal\pshints.h">
      <Filter>include\3rdparty\freetype\internal</Filter>
    </ClInclude>
    <ClInclude Include="..\3rdparty\include\internal\sfnt.h">
      <Filter>include\3rdparty\freetype\internal</Filter>
    </ClInclude>
    <ClInclude Include="..\3rdparty\include\internal\t1types.h">
      <Filter>include\3rdparty\freetype\internal</Filter>
    </ClInclude>
    <ClInclude Include="..\3rdparty\include\internal\tttypes.h">
      <Filter>include\3rdparty\freetype\internal</Filter>
    </ClInclude>
    <ClInclude Include="..\3rdparty\include\internal\services\svbdf.h">
      <Filter>include\3rdparty\freetype\internal\services</Filter>
    </ClInclude>
    <ClInclude Include="..\3rdparty\include\internal\services\svcid.h">
      <Filter>include\3rdparty\freetype\internal\services</Filter>
    </ClInclude>
    <ClInclude Include="..\3rdparty\include\internal\services\svgldict.h">
      <Filter>include\3rdparty\freetype\internal\services</Filter>
    </ClInclude>
    <ClInclude Include="..\3rdparty\include\internal\services\svgxval.h">
      <Filter>include\3rdparty\freetype\internal\services</Filter>
    </ClInclude>
    <ClInclude Include="..\3rdparty\include\internal\services\svkern.h">
      <Filter>include\3rdparty\freetype\internal\services</Filter>
    </ClInclude>
    <ClInclude Include="..\3rdparty\include\internal\services\svmm.h">
      <Filter>include\3rdparty\freetype\internal\services</Filter>
    </ClInclude>
    <ClInclude Include="..\3rdparty\include\internal\services\svotval.h">
      <Filter>include\3rdparty\freetype\internal\services</Filter>
    </ClInclude>
    <ClInclude Include="..\3rdparty\include\internal\services\svpfr.h">
      <Filter>include\3rdparty\freetype\internal\services</Filter>
    </ClInclude>
    <ClInclude Include="..\3rdparty\include\internal\services\svpostnm.h">
      <Filter>include\3rdparty\freetype\internal\services</Filter>
    </ClInclude>
    <ClInclude Include="..\3rdparty\include\internal\services\svprop.h">
      <Filter>include\3rdparty\freetype\internal\services</Filter>
    </ClInclude>
    <ClInclude Include="..\3rdparty\include\internal\services\svpscmap.h">
      <Filter>include\3rdparty\freetype\internal\services</Filter>
    </ClInclude>
    <ClInclude Include="..\3rdparty\include\internal\services\svpsinfo.h">
      <Filter>include\3rdparty\freetype\internal\services</Filter>
    </ClInclude>
    <ClInclude Include="..\3rdparty\include\internal\services\svsfnt.h">
      <Filter>include\3rdparty\freetype\internal\services</Filter>
    </ClInclude>
    <ClInclude Include="..\3rdparty\include\internal\services\svttcmap.h">
      <Filter>include\3rdparty\freetype\internal\services</Filter>
    </ClInclude>
    <ClInclude Include="..\3rdparty\include\internal\services\svtteng.h">
      <Filter>include\3rdparty\freetype\internal\services</Filter>
    </ClInclude>
    <ClInclude Include="..\3rdparty\include\internal\services\svttglyf.h">
      <Filter>include\3rdparty\freetype\internal\services</Filter>
    </ClInclude>
    <ClInclude Include="..\3rdparty\include\internal\services\svwinfnt.h">
      <Filter>include\3rdparty\freetype\internal\services</Filter>
    </ClInclude>
    <ClInclude Include="..\3rdparty\include\internal\services\svxf86nm.h">
      <Filter>include\3rdparty\freetype\internal\services</Filter>
    </ClInclude>
    <ClInclude Include="include\YSLib\Adaptor\YTextBase.h">
      <Filter>include\YSLib\Adaptor</Filter>
    </ClInclude>
    <ClInclude Include="include\CHRLib\Convert.hpp">
      <Filter>include\CHRLib</Filter>
    </ClInclude>
    <ClInclude Include="include\YSLib\Service\AccessHistory.hpp">
      <Filter>include\YSLib\Service</Filter>
    </ClInclude>
    <ClInclude Include="include\YBaseMacro.h">
      <Filter>include</Filter>
    </ClInclude>
    <ClInclude Include="include\YSLib\Adaptor\Image.h">
      <Filter>include\YSLib\Adaptor</Filter>
    </ClInclude>
    <ClInclude Include="..\3rdparty\include\FreeImage.h">
      <Filter>include\3rdparty</Filter>
    </ClInclude>
    <ClInclude Include="..\3rdparty\include\ft2build.h">
      <Filter>include\3rdparty</Filter>
    </ClInclude>
    <ClInclude Include="include\Helper\GUIApplication.h">
      <Filter>include\Helper</Filter>
    </ClInclude>
    <ClInclude Include="include\Helper\GUIShell.h">
      <Filter>include\Helper</Filter>
    </ClInclude>
    <ClInclude Include="include\Helper\HostedUI.h">
      <Filter>include\Helper</Filter>
    </ClInclude>
    <ClInclude Include="include\Helper\HostWindow.h">
      <Filter>include\Helper</Filter>
    </ClInclude>
    <ClInclude Include="include\Helper\Initialization.h">
      <Filter>include\Helper</Filter>
    </ClInclude>
    <ClInclude Include="include\Helper\InputManager.h">
      <Filter>include\Helper</Filter>
    </ClInclude>
    <ClInclude Include="include\Helper\ShellHelper.h">
      <Filter>include\Helper</Filter>
    </ClInclude>
    <ClInclude Include="include\Helper\yglobal.h">
      <Filter>include\Helper</Filter>
    </ClInclude>
    <ClInclude Include="include\YSLib\UI\YComponent.h">
      <Filter>include\YSLib\UI</Filter>
    </ClInclude>
    <ClInclude Include="include\Helper\HostRenderer.h">
      <Filter>include\Helper</Filter>
    </ClInclude>
    <ClInclude Include="include\Helper\ScreenBuffer.h">
      <Filter>include\Helper</Filter>
    </ClInclude>
    <ClInclude Include="include\YSLib\UI\Loader.h">
      <Filter>include\YSLib\UI</Filter>
    </ClInclude>
    <ClInclude Include="include\YSLib\UI\Border.h">
      <Filter>include\YSLib\UI</Filter>
    </ClInclude>
    <ClInclude Include="include\YSLib\UI\Hover.h">
      <Filter>include\YSLib\UI</Filter>
    </ClInclude>
    <ClInclude Include="include\YSLib\Core\Task.h">
      <Filter>include\YSLib\Core</Filter>
    </ClInclude>
    <ClInclude Include="include\YSLib\UI\Animation.h">
      <Filter>include\YSLib\UI</Filter>
    </ClInclude>
    <ClInclude Include="include\YSLib\Service\ContentType.h">
      <Filter>include\YSLib\Core</Filter>
    </ClInclude>
    <ClInclude Include="include\YModules.h">
      <Filter>include</Filter>
    </ClInclude>
    <ClInclude Include="include\CHRLib\YModules.h">
      <Filter>include\CHRLib</Filter>
    </ClInclude>
    <ClInclude Include="include\Helper\YModules.h">
      <Filter>include\Helper</Filter>
    </ClInclude>
    <ClInclude Include="include\NPL\YModules.h">
      <Filter>include\NPL</Filter>
    </ClInclude>
    <ClInclude Include="include\YCLib\YModules.h">
      <Filter>include\YCLib</Filter>
    </ClInclude>
    <ClInclude Include="include\YSLib\Adaptor\YModules.h">
      <Filter>include\YSLib\Adaptor</Filter>
    </ClInclude>
    <ClInclude Include="include\YSLib\Service\YModules.h">
      <Filter>include\YSLib\Service</Filter>
    </ClInclude>
    <ClInclude Include="include\YSLib\Core\YModules.h">
      <Filter>include\YSLib\Core</Filter>
    </ClInclude>
    <ClInclude Include="include\YSLib\UI\YModules.h">
      <Filter>include\YSLib\UI</Filter>
    </ClInclude>
    <ClInclude Include="include\NPL\NPL.h">
      <Filter>include\NPL</Filter>
    </ClInclude>
    <ClInclude Include="include\NPL\NPLA1.h">
      <Filter>include\NPL</Filter>
    </ClInclude>
    <ClInclude Include="include\YSLib\UI\ExStyle.h">
      <Filter>include\YSLib\UI</Filter>
    </ClInclude>
    <ClInclude Include="include\YSLib\Service\File.h">
      <Filter>include\YSLib\Service</Filter>
    </ClInclude>
    <ClInclude Include="include\YSLib\Service\FileSystem.h">
      <Filter>include\YSLib\Service</Filter>
    </ClInclude>
    <ClInclude Include="include\YSLib\Service\TextFile.h">
      <Filter>include\YSLib\Service</Filter>
    </ClInclude>
    <ClInclude Include="include\YSLib\UI\TextBox.h">
      <Filter>include\YSLib\UI</Filter>
    </ClInclude>
    <ClInclude Include="include\YCLib\Host.h">
      <Filter>include\YCLib</Filter>
    </ClInclude>
    <ClInclude Include="include\YSLib\UI\TabControl.h">
      <Filter>include\YSLib\UI</Filter>
    </ClInclude>
    <ClInclude Include="include\Helper\Environment.h">
      <Filter>include\Helper</Filter>
    </ClInclude>
    <ClInclude Include="include\YSLib\UI\Viewer.h">
      <Filter>include\YSLib\UI</Filter>
    </ClInclude>
    <ClInclude Include="include\YSLib\UI\TreeView.h">
      <Filter>include\YSLib\UI</Filter>
    </ClInclude>
    <ClInclude Include="include\YSLib\Core\YCoreUtilities.h">
      <Filter>include\YSLib\Core</Filter>
    </ClInclude>
  </ItemGroup>
  <ItemGroup>
    <ClCompile Include="source\YSLib\Adaptor\ynew.cpp">
      <Filter>source\YSLib\Adaptor</Filter>
    </ClCompile>
    <ClCompile Include="source\YSLib\Core\yapp.cpp">
      <Filter>source\YSLib\Core</Filter>
    </ClCompile>
    <ClCompile Include="source\YSLib\Core\ydevice.cpp">
      <Filter>source\YSLib\Core</Filter>
    </ClCompile>
    <ClCompile Include="source\YSLib\Core\yexcept.cpp">
      <Filter>source\YSLib\Core</Filter>
    </ClCompile>
    <ClCompile Include="source\YSLib\Core\yobject.cpp">
      <Filter>source\YSLib\Core</Filter>
    </ClCompile>
    <ClCompile Include="source\YSLib\Core\yshell.cpp">
      <Filter>source\YSLib\Core</Filter>
    </ClCompile>
    <ClCompile Include="source\YSLib\Core\ystring.cpp">
      <Filter>source\YSLib\Core</Filter>
    </ClCompile>
    <ClCompile Include="source\YSLib\Service\ytimer.cpp">
      <Filter>source\YSLib\Service</Filter>
    </ClCompile>
    <ClCompile Include="source\YSLib\Core\ygdibase.cpp">
      <Filter>source\YSLib\Core</Filter>
    </ClCompile>
    <ClCompile Include="source\YSLib\UI\button.cpp">
      <Filter>source\YSLib\UI</Filter>
    </ClCompile>
    <ClCompile Include="source\YSLib\UI\form.cpp">
      <Filter>source\YSLib\UI</Filter>
    </ClCompile>
    <ClCompile Include="source\YSLib\UI\scroll.cpp">
      <Filter>source\YSLib\UI</Filter>
    </ClCompile>
    <ClCompile Include="source\YSLib\UI\uicontx.cpp">
      <Filter>source\YSLib\UI</Filter>
    </ClCompile>
    <ClCompile Include="source\YSLib\UI\ycontrol.cpp">
      <Filter>source\YSLib\UI</Filter>
    </ClCompile>
    <ClCompile Include="source\YSLib\UI\ydesktop.cpp">
      <Filter>source\YSLib\UI</Filter>
    </ClCompile>
    <ClCompile Include="source\YSLib\UI\ygui.cpp">
      <Filter>source\YSLib\UI</Filter>
    </ClCompile>
    <ClCompile Include="source\YSLib\UI\ystyle.cpp">
      <Filter>source\YSLib\UI</Filter>
    </ClCompile>
    <ClCompile Include="source\YSLib\UI\yuicont.cpp">
      <Filter>source\YSLib\UI</Filter>
    </ClCompile>
    <ClCompile Include="source\YSLib\UI\ywidget.cpp">
      <Filter>source\YSLib\UI</Filter>
    </ClCompile>
    <ClCompile Include="source\YSLib\UI\ywindow.cpp">
      <Filter>source\YSLib\UI</Filter>
    </ClCompile>
    <ClCompile Include="source\YSLib\Service\textmgr.cpp">
      <Filter>source\YSLib\Service</Filter>
    </ClCompile>
    <ClCompile Include="source\YSLib\UI\menu.cpp">
      <Filter>source\YSLib\UI</Filter>
    </ClCompile>
    <ClCompile Include="source\YSLib\UI\ListControl.cpp">
      <Filter>source\YSLib\UI</Filter>
    </ClCompile>
    <ClCompile Include="source\YSLib\Core\ymsg.cpp">
      <Filter>source\YSLib\Core</Filter>
    </ClCompile>
    <ClCompile Include="source\YSLib\Service\ygdi.cpp">
      <Filter>source\YSLib\Service</Filter>
    </ClCompile>
    <ClCompile Include="source\YSLib\Service\yres.cpp">
      <Filter>source\YSLib\Service</Filter>
    </ClCompile>
    <ClCompile Include="source\YSLib\Service\yblit.cpp">
      <Filter>source\YSLib\Service</Filter>
    </ClCompile>
    <ClCompile Include="source\YSLib\Service\ydraw.cpp">
      <Filter>source\YSLib\Service</Filter>
    </ClCompile>
    <ClCompile Include="source\YSLib\UI\progress.cpp">
      <Filter>source\YSLib\UI</Filter>
    </ClCompile>
    <ClCompile Include="source\YSLib\UI\label.cpp">
      <Filter>source\YSLib\UI</Filter>
    </ClCompile>
    <ClCompile Include="source\YSLib\UI\textarea.cpp">
      <Filter>source\YSLib\UI</Filter>
    </ClCompile>
    <ClCompile Include="source\YSLib\UI\yrender.cpp">
      <Filter>source\YSLib\UI</Filter>
    </ClCompile>
    <ClCompile Include="source\YCLib\ycommon.cpp">
      <Filter>source\YCLib</Filter>
    </ClCompile>
    <ClCompile Include="source\CHRLib\chrmap.cpp">
      <Filter>source\CHRLib</Filter>
    </ClCompile>
    <ClCompile Include="source\CHRLib\chrproc.cpp">
      <Filter>source\CHRLib</Filter>
    </ClCompile>
    <ClCompile Include="source\YSLib\UI\ywgtview.cpp">
      <Filter>source\YSLib\UI</Filter>
    </ClCompile>
    <ClCompile Include="source\YSLib\UI\yfocus.cpp">
      <Filter>source\YSLib\UI</Filter>
    </ClCompile>
    <ClCompile Include="source\YSLib\UI\ypanel.cpp">
      <Filter>source\YSLib\UI</Filter>
    </ClCompile>
    <ClCompile Include="source\YSLib\Service\CharRenderer.cpp">
      <Filter>source\YSLib\Service</Filter>
    </ClCompile>
    <ClCompile Include="source\YSLib\Service\TextBase.cpp">
      <Filter>source\YSLib\Service</Filter>
    </ClCompile>
    <ClCompile Include="source\YSLib\Service\TextLayout.cpp">
      <Filter>source\YSLib\Service</Filter>
    </ClCompile>
    <ClCompile Include="source\YSLib\Service\TextRenderer.cpp">
      <Filter>source\YSLib\Service</Filter>
    </ClCompile>
    <ClCompile Include="source\YSLib\UI\Selector.cpp">
      <Filter>source\YSLib\UI</Filter>
    </ClCompile>
    <ClCompile Include="source\YSLib\UI\ComboList.cpp">
      <Filter>source\YSLib\UI</Filter>
    </ClCompile>
    <ClCompile Include="source\YSLib\UI\ywgtevt.cpp">
      <Filter>source\YSLib\UI</Filter>
    </ClCompile>
    <ClCompile Include="source\YSLib\UI\YBrush.cpp">
      <Filter>source\YSLib\UI</Filter>
    </ClCompile>
    <ClCompile Include="source\YSLib\Adaptor\Font.cpp">
      <Filter>source\YSLib\Adaptor</Filter>
    </ClCompile>
    <ClCompile Include="source\YSLib\UI\Console.cpp">
      <Filter>source\YSLib\UI</Filter>
    </ClCompile>
    <ClCompile Include="source\YCLib\NativeAPI.cpp">
      <Filter>source\YCLib</Filter>
    </ClCompile>
    <ClCompile Include="source\YCLib\Input.cpp">
      <Filter>source\YCLib</Filter>
    </ClCompile>
    <ClCompile Include="source\YCLib\Debug.cpp">
      <Filter>source\YCLib</Filter>
    </ClCompile>
    <ClCompile Include="source\YCLib\Video.cpp">
      <Filter>source\YCLib</Filter>
    </ClCompile>
    <ClCompile Include="source\YCLib\FileSystem.cpp">
      <Filter>source\YCLib</Filter>
    </ClCompile>
    <ClCompile Include="source\YCLib\Keys.cpp">
      <Filter>source\YCLib</Filter>
    </ClCompile>
    <ClCompile Include="source\YCLib\Timer.cpp">
      <Filter>source\YCLib</Filter>
    </ClCompile>
    <ClCompile Include="source\CHRLib\MapEx.cpp">
      <Filter>source\CHRLib</Filter>
    </ClCompile>
    <ClCompile Include="source\YCLib\MemoryMapping.cpp">
      <Filter>source\YCLib</Filter>
    </ClCompile>
    <ClCompile Include="..\doc\ex.cpp">
      <Filter>doc</Filter>
    </ClCompile>
    <ClCompile Include="source\NPL\Lexical.cpp">
      <Filter>source\NPL</Filter>
    </ClCompile>
    <ClCompile Include="source\NPL\SContext.cpp">
      <Filter>source\NPL</Filter>
    </ClCompile>
    <ClCompile Include="source\NPL\Configuration.cpp">
      <Filter>source\NPL</Filter>
    </ClCompile>
    <ClCompile Include="source\YSLib\Core\ValueNode.cpp">
      <Filter>source\YSLib\Core</Filter>
    </ClCompile>
    <ClCompile Include="source\YSLib\Adaptor\Image.cpp">
      <Filter>source\YSLib\Adaptor</Filter>
    </ClCompile>
    <ClCompile Include="source\Helper\GUIApplication.cpp">
      <Filter>source\Helper</Filter>
    </ClCompile>
    <ClCompile Include="source\Helper\GUIShell.cpp">
      <Filter>source\Helper</Filter>
    </ClCompile>
    <ClCompile Include="source\Helper\HostedUI.cpp">
      <Filter>source\Helper</Filter>
    </ClCompile>
    <ClCompile Include="source\Helper\HostWindow.cpp">
      <Filter>source\Helper</Filter>
    </ClCompile>
    <ClCompile Include="source\Helper\Initialization.cpp">
      <Filter>source\Helper</Filter>
    </ClCompile>
    <ClCompile Include="source\Helper\InputManager.cpp">
      <Filter>source\Helper</Filter>
    </ClCompile>
    <ClCompile Include="source\Helper\ScreenBuffer.cpp">
      <Filter>source\Helper</Filter>
    </ClCompile>
    <ClCompile Include="source\Helper\ShellHelper.cpp">
      <Filter>source\Helper</Filter>
    </ClCompile>
    <ClCompile Include="source\Helper\yglobal.cpp">
      <Filter>source\Helper</Filter>
    </ClCompile>
    <ClCompile Include="source\YSLib\UI\YComponent.cpp">
      <Filter>source\YSLib\UI</Filter>
    </ClCompile>
    <ClCompile Include="source\Helper\HostRenderer.cpp">
      <Filter>source\Helper</Filter>
    </ClCompile>
    <ClCompile Include="source\YSLib\UI\Loader.cpp">
      <Filter>source\YSLib\UI</Filter>
    </ClCompile>
    <ClCompile Include="source\YSLib\UI\Border.cpp">
      <Filter>source\YSLib\UI</Filter>
    </ClCompile>
    <ClCompile Include="source\YSLib\UI\Hover.cpp">
      <Filter>source\YSLib\UI</Filter>
    </ClCompile>
    <ClCompile Include="source\YSLib\UI\Animation.cpp">
      <Filter>source\YSLib\UI</Filter>
    </ClCompile>
    <ClCompile Include="source\YSLib\Service\ContentType.cpp">
      <Filter>source\YSLib\Service</Filter>
    </ClCompile>
    <ClCompile Include="source\NPL\NPLA1.cpp">
      <Filter>source\NPL</Filter>
    </ClCompile>
    <ClCompile Include="source\YSLib\UI\ExStyle.cpp">
      <Filter>source\YSLib\UI</Filter>
    </ClCompile>
    <ClCompile Include="source\YSLib\Service\File.cpp">
      <Filter>source\YSLib\Service</Filter>
    </ClCompile>
    <ClCompile Include="source\YSLib\Service\FileSystem.cpp">
      <Filter>source\YSLib\Service</Filter>
    </ClCompile>
    <ClCompile Include="source\YSLib\Service\TextFile.cpp">
      <Filter>source\YSLib\Service</Filter>
    </ClCompile>
    <ClCompile Include="source\YSLib\UI\TextBox.cpp">
      <Filter>source\YSLib\UI</Filter>
    </ClCompile>
    <ClCompile Include="source\YCLib\Host.cpp">
      <Filter>source\YCLib</Filter>
    </ClCompile>
    <ClCompile Include="source\YSLib\UI\TabControl.cpp">
      <Filter>source\YSLib\UI</Filter>
    </ClCompile>
    <ClCompile Include="source\Helper\Environment.cpp">
      <Filter>source\Helper</Filter>
    </ClCompile>
    <ClCompile Include="source\YSLib\UI\Viewer.cpp">
      <Filter>source\YSLib\UI</Filter>
    </ClCompile>
    <ClCompile Include="source\YSLib\UI\TreeView.cpp">
      <Filter>source\YSLib\UI</Filter>
    </ClCompile>
    <ClCompile Include="source\YSLib\Core\YCoreUtilities.cpp">
      <Filter>source\YSLib\Core</Filter>
    </ClCompile>
  </ItemGroup>
  <ItemGroup>
    <Text Include="..\doc\ChangeLog.PreAlpha4.txt">
      <Filter>doc</Filter>
    </Text>
    <Text Include="..\doc\YBase.txt">
      <Filter>doc</Filter>
    </Text>
    <Text Include="..\doc\YFramework.txt">
      <Filter>doc</Filter>
    </Text>
    <Text Include="..\doc\NPL.txt">
      <Filter>doc</Filter>
    </Text>
    <Text Include="..\doc\Workflow.Annual2013.txt">
      <Filter>doc</Filter>
    </Text>
    <Text Include="..\doc\Workflow.Annual2014.txt">
      <Filter>doc</Filter>
    </Text>
    <Text Include="..\doc\ChangeLog.PreAlpha5.txt">
      <Filter>doc</Filter>
    </Text>
    <Text Include="..\doc\Dependencies.txt">
      <Filter>doc</Filter>
    </Text>
    <Text Include="..\doc\LanguageConvention.txt">
      <Filter>doc</Filter>
    </Text>
  </ItemGroup>
</Project>